// !$*UTF8*$!
{
	archiveVersion = 1;
	classes = {
	};
	objectVersion = 46;
	objects = {

/* Begin PBXBuildFile section */
		96B29CD31AA0DADD00224BB0 /* main.m in Sources */ = {isa = PBXBuildFile; fileRef = 96B29CD21AA0DADD00224BB0 /* main.m */; };
		96B29CD61AA0DADD00224BB0 /* AppDelegate.m in Sources */ = {isa = PBXBuildFile; fileRef = 96B29CD51AA0DADD00224BB0 /* AppDelegate.m */; };
		96B29CD91AA0DADD00224BB0 /* ViewController.m in Sources */ = {isa = PBXBuildFile; fileRef = 96B29CD81AA0DADD00224BB0 /* ViewController.m */; };
		96B29CDC1AA0DADD00224BB0 /* Main.storyboard in Resources */ = {isa = PBXBuildFile; fileRef = 96B29CDA1AA0DADD00224BB0 /* Main.storyboard */; };
		96B29CDE1AA0DADD00224BB0 /* Images.xcassets in Resources */ = {isa = PBXBuildFile; fileRef = 96B29CDD1AA0DADD00224BB0 /* Images.xcassets */; };
		96B29CE11AA0DADD00224BB0 /* LaunchScreen.xib in Resources */ = {isa = PBXBuildFile; fileRef = 96B29CDF1AA0DADD00224BB0 /* LaunchScreen.xib */; };
		96B29CED1AA0DADD00224BB0 /* DroneVideoConfTests.m in Sources */ = {isa = PBXBuildFile; fileRef = 96B29CEC1AA0DADD00224BB0 /* DroneVideoConfTests.m */; };
/* End PBXBuildFile section */

/* Begin PBXContainerItemProxy section */
		96B29CE71AA0DADD00224BB0 /* PBXContainerItemProxy */ = {
			isa = PBXContainerItemProxy;
			containerPortal = 96B29CC51AA0DADD00224BB0 /* Project object */;
			proxyType = 1;
			remoteGlobalIDString = 96B29CCC1AA0DADD00224BB0;
			remoteInfo = DroneVideoConf;
		};
/* End PBXContainerItemProxy section */

/* Begin PBXFileReference section */
		96B29CCD1AA0DADD00224BB0 /* DroneVideoConf.app */ = {isa = PBXFileReference; explicitFileType = wrapper.application; includeInIndex = 0; path = DroneVideoConf.app; sourceTree = BUILT_PRODUCTS_DIR; };
		96B29CD11AA0DADD00224BB0 /* Info.plist */ = {isa = PBXFileReference; lastKnownFileType = text.plist.xml; path = Info.plist; sourceTree = "<group>"; };
		96B29CD21AA0DADD00224BB0 /* main.m */ = {isa = PBXFileReference; lastKnownFileType = sourcecode.c.objc; path = main.m; sourceTree = "<group>"; };
		96B29CD41AA0DADD00224BB0 /* AppDelegate.h */ = {isa = PBXFileReference; lastKnownFileType = sourcecode.c.h; path = AppDelegate.h; sourceTree = "<group>"; };
		96B29CD51AA0DADD00224BB0 /* AppDelegate.m */ = {isa = PBXFileReference; lastKnownFileType = sourcecode.c.objc; path = AppDelegate.m; sourceTree = "<group>"; };
		96B29CD71AA0DADD00224BB0 /* ViewController.h */ = {isa = PBXFileReference; lastKnownFileType = sourcecode.c.h; path = ViewController.h; sourceTree = "<group>"; };
		96B29CD81AA0DADD00224BB0 /* ViewController.m */ = {isa = PBXFileReference; lastKnownFileType = sourcecode.c.objc; path = ViewController.m; sourceTree = "<group>"; };
		96B29CDB1AA0DADD00224BB0 /* Base */ = {isa = PBXFileReference; lastKnownFileType = file.storyboard; name = Base; path = Base.lproj/Main.storyboard; sourceTree = "<group>"; };
		96B29CDD1AA0DADD00224BB0 /* Images.xcassets */ = {isa = PBXFileReference; lastKnownFileType = folder.assetcatalog; path = Images.xcassets; sourceTree = "<group>"; };
		96B29CE01AA0DADD00224BB0 /* Base */ = {isa = PBXFileReference; lastKnownFileType = file.xib; name = Base; path = Base.lproj/LaunchScreen.xib; sourceTree = "<group>"; };
		96B29CE61AA0DADD00224BB0 /* DroneVideoConfTests.xctest */ = {isa = PBXFileReference; explicitFileType = wrapper.cfbundle; includeInIndex = 0; path = DroneVideoConfTests.xctest; sourceTree = BUILT_PRODUCTS_DIR; };
		96B29CEB1AA0DADD00224BB0 /* Info.plist */ = {isa = PBXFileReference; lastKnownFileType = text.plist.xml; path = Info.plist; sourceTree = "<group>"; };
		96B29CEC1AA0DADD00224BB0 /* DroneVideoConfTests.m */ = {isa = PBXFileReference; lastKnownFileType = sourcecode.c.objc; path = DroneVideoConfTests.m; sourceTree = "<group>"; };
/* End PBXFileReference section */

/* Begin PBXFrameworksBuildPhase section */
		96B29CCA1AA0DADD00224BB0 /* Frameworks */ = {
			isa = PBXFrameworksBuildPhase;
			buildActionMask = 2147483647;
			files = (
			);
			runOnlyForDeploymentPostprocessing = 0;
		};
		96B29CE31AA0DADD00224BB0 /* Frameworks */ = {
			isa = PBXFrameworksBuildPhase;
			buildActionMask = 2147483647;
			files = (
			);
			runOnlyForDeploymentPostprocessing = 0;
		};
/* End PBXFrameworksBuildPhase section */

/* Begin PBXGroup section */
		96B29CC41AA0DADD00224BB0 = {
			isa = PBXGroup;
			children = (
				96B29CCF1AA0DADD00224BB0 /* DroneVideoConf */,
				96B29CE91AA0DADD00224BB0 /* DroneVideoConfTests */,
				96B29CCE1AA0DADD00224BB0 /* Products */,
			);
			sourceTree = "<group>";
		};
		96B29CCE1AA0DADD00224BB0 /* Products */ = {
			isa = PBXGroup;
			children = (
				96B29CCD1AA0DADD00224BB0 /* DroneVideoConf.app */,
				96B29CE61AA0DADD00224BB0 /* DroneVideoConfTests.xctest */,
			);
			name = Products;
			sourceTree = "<group>";
		};
		96B29CCF1AA0DADD00224BB0 /* DroneVideoConf */ = {
			isa = PBXGroup;
			children = (
				96B29CD41AA0DADD00224BB0 /* AppDelegate.h */,
				96B29CD51AA0DADD00224BB0 /* AppDelegate.m */,
				96B29CD71AA0DADD00224BB0 /* ViewController.h */,
				96B29CD81AA0DADD00224BB0 /* ViewController.m */,
				96B29CDA1AA0DADD00224BB0 /* Main.storyboard */,
				96B29CDD1AA0DADD00224BB0 /* Images.xcassets */,
				96B29CDF1AA0DADD00224BB0 /* LaunchScreen.xib */,
				96B29CD01AA0DADD00224BB0 /* Supporting Files */,
			);
			path = DroneVideoConf;
			sourceTree = "<group>";
		};
		96B29CD01AA0DADD00224BB0 /* Supporting Files */ = {
			isa = PBXGroup;
			children = (
				96B29CD11AA0DADD00224BB0 /* Info.plist */,
				96B29CD21AA0DADD00224BB0 /* main.m */,
			);
			name = "Supporting Files";
			sourceTree = "<group>";
		};
		96B29CE91AA0DADD00224BB0 /* DroneVideoConfTests */ = {
			isa = PBXGroup;
			children = (
				96B29CEC1AA0DADD00224BB0 /* DroneVideoConfTests.m */,
				96B29CEA1AA0DADD00224BB0 /* Supporting Files */,
			);
			path = DroneVideoConfTests;
			sourceTree = "<group>";
		};
		96B29CEA1AA0DADD00224BB0 /* Supporting Files */ = {
			isa = PBXGroup;
			children = (
				96B29CEB1AA0DADD00224BB0 /* Info.plist */,
			);
			name = "Supporting Files";
			sourceTree = "<group>";
		};
/* End PBXGroup section */

/* Begin PBXNativeTarget section */
		96B29CCC1AA0DADD00224BB0 /* DroneVideoConf */ = {
			isa = PBXNativeTarget;
			buildConfigurationList = 96B29CF01AA0DADD00224BB0 /* Build configuration list for PBXNativeTarget "DroneVideoConf" */;
			buildPhases = (
				96B29CC91AA0DADD00224BB0 /* Sources */,
				96B29CCA1AA0DADD00224BB0 /* Frameworks */,
				96B29CCB1AA0DADD00224BB0 /* Resources */,
			);
			buildRules = (
			);
			dependencies = (
			);
			name = DroneVideoConf;
			productName = DroneVideoConf;
			productReference = 96B29CCD1AA0DADD00224BB0 /* DroneVideoConf.app */;
			productType = "com.apple.product-type.application";
		};
		96B29CE51AA0DADD00224BB0 /* DroneVideoConfTests */ = {
			isa = PBXNativeTarget;
			buildConfigurationList = 96B29CF31AA0DADD00224BB0 /* Build configuration list for PBXNativeTarget "DroneVideoConfTests" */;
			buildPhases = (
				96B29CE21AA0DADD00224BB0 /* Sources */,
				96B29CE31AA0DADD00224BB0 /* Frameworks */,
				96B29CE41AA0DADD00224BB0 /* Resources */,
			);
			buildRules = (
			);
			dependencies = (
				96B29CE81AA0DADD00224BB0 /* PBXTargetDependency */,
			);
			name = DroneVideoConfTests;
			productName = DroneVideoConfTests;
			productReference = 96B29CE61AA0DADD00224BB0 /* DroneVideoConfTests.xctest */;
			productType = "com.apple.product-type.bundle.unit-test";
		};
/* End PBXNativeTarget section */

/* Begin PBXProject section */
		96B29CC51AA0DADD00224BB0 /* Project object */ = {
			isa = PBXProject;
			attributes = {
				LastUpgradeCheck = 0610;
				ORGANIZATIONNAME = "Brennan Jones";
				TargetAttributes = {
					96B29CCC1AA0DADD00224BB0 = {
						CreatedOnToolsVersion = 6.1.1;
					};
					96B29CE51AA0DADD00224BB0 = {
						CreatedOnToolsVersion = 6.1.1;
						TestTargetID = 96B29CCC1AA0DADD00224BB0;
					};
				};
			};
			buildConfigurationList = 96B29CC81AA0DADD00224BB0 /* Build configuration list for PBXProject "DroneVideoConf" */;
			compatibilityVersion = "Xcode 3.2";
			developmentRegion = English;
			hasScannedForEncodings = 0;
			knownRegions = (
				en,
				Base,
			);
			mainGroup = 96B29CC41AA0DADD00224BB0;
			productRefGroup = 96B29CCE1AA0DADD00224BB0 /* Products */;
			projectDirPath = "";
			projectRoot = "";
			targets = (
				96B29CCC1AA0DADD00224BB0 /* DroneVideoConf */,
				96B29CE51AA0DADD00224BB0 /* DroneVideoConfTests */,
			);
		};
/* End PBXProject section */

/* Begin PBXResourcesBuildPhase section */
		96B29CCB1AA0DADD00224BB0 /* Resources */ = {
			isa = PBXResourcesBuildPhase;
			buildActionMask = 2147483647;
			files = (
				96B29CDC1AA0DADD00224BB0 /* Main.storyboard in Resources */,
				96B29CE11AA0DADD00224BB0 /* LaunchScreen.xib in Resources */,
				96B29CDE1AA0DADD00224BB0 /* Images.xcassets in Resources */,
			);
			runOnlyForDeploymentPostprocessing = 0;
		};
		96B29CE41AA0DADD00224BB0 /* Resources */ = {
			isa = PBXResourcesBuildPhase;
			buildActionMask = 2147483647;
			files = (
			);
			runOnlyForDeploymentPostprocessing = 0;
		};
/* End PBXResourcesBuildPhase section */

/* Begin PBXSourcesBuildPhase section */
		96B29CC91AA0DADD00224BB0 /* Sources */ = {
			isa = PBXSourcesBuildPhase;
			buildActionMask = 2147483647;
			files = (
				96B29CD91AA0DADD00224BB0 /* ViewController.m in Sources */,
				96B29CD61AA0DADD00224BB0 /* AppDelegate.m in Sources */,
				96B29CD31AA0DADD00224BB0 /* main.m in Sources */,
			);
			runOnlyForDeploymentPostprocessing = 0;
		};
		96B29CE21AA0DADD00224BB0 /* Sources */ = {
			isa = PBXSourcesBuildPhase;
			buildActionMask = 2147483647;
			files = (
				96B29CED1AA0DADD00224BB0 /* DroneVideoConfTests.m in Sources */,
			);
			runOnlyForDeploymentPostprocessing = 0;
		};
/* End PBXSourcesBuildPhase section */

/* Begin PBXTargetDependency section */
		96B29CE81AA0DADD00224BB0 /* PBXTargetDependency */ = {
			isa = PBXTargetDependency;
			target = 96B29CCC1AA0DADD00224BB0 /* DroneVideoConf */;
			targetProxy = 96B29CE71AA0DADD00224BB0 /* PBXContainerItemProxy */;
		};
/* End PBXTargetDependency section */

/* Begin PBXVariantGroup section */
		96B29CDA1AA0DADD00224BB0 /* Main.storyboard */ = {
			isa = PBXVariantGroup;
			children = (
				96B29CDB1AA0DADD00224BB0 /* Base */,
			);
			name = Main.storyboard;
			sourceTree = "<group>";
		};
		96B29CDF1AA0DADD00224BB0 /* LaunchScreen.xib */ = {
			isa = PBXVariantGroup;
			children = (
				96B29CE01AA0DADD00224BB0 /* Base */,
			);
			name = LaunchScreen.xib;
			sourceTree = "<group>";
		};
/* End PBXVariantGroup section */

/* Begin XCBuildConfiguration section */
		96B29CEE1AA0DADD00224BB0 /* Debug */ = {
			isa = XCBuildConfiguration;
			buildSettings = {
				ALWAYS_SEARCH_USER_PATHS = NO;
				CLANG_CXX_LANGUAGE_STANDARD = "gnu++0x";
				CLANG_CXX_LIBRARY = "libc++";
				CLANG_ENABLE_MODULES = YES;
				CLANG_ENABLE_OBJC_ARC = YES;
				CLANG_WARN_BOOL_CONVERSION = YES;
				CLANG_WARN_CONSTANT_CONVERSION = YES;
				CLANG_WARN_DIRECT_OBJC_ISA_USAGE = YES_ERROR;
				CLANG_WARN_EMPTY_BODY = YES;
				CLANG_WARN_ENUM_CONVERSION = YES;
				CLANG_WARN_INT_CONVERSION = YES;
				CLANG_WARN_OBJC_ROOT_CLASS = YES_ERROR;
				CLANG_WARN_UNREACHABLE_CODE = YES;
				CLANG_WARN__DUPLICATE_METHOD_MATCH = YES;
				"CODE_SIGN_IDENTITY[sdk=iphoneos*]" = "iPhone Developer";
				COPY_PHASE_STRIP = NO;
				ENABLE_STRICT_OBJC_MSGSEND = YES;
				GCC_C_LANGUAGE_STANDARD = gnu99;
				GCC_DYNAMIC_NO_PIC = NO;
				GCC_OPTIMIZATION_LEVEL = 0;
				GCC_PREPROCESSOR_DEFINITIONS = (
					"DEBUG=1",
					"$(inherited)",
				);
				GCC_SYMBOLS_PRIVATE_EXTERN = NO;
				GCC_WARN_64_TO_32_BIT_CONVERSION = YES;
				GCC_WARN_ABOUT_RETURN_TYPE = YES_ERROR;
				GCC_WARN_UNDECLARED_SELECTOR = YES;
				GCC_WARN_UNINITIALIZED_AUTOS = YES_AGGRESSIVE;
				GCC_WARN_UNUSED_FUNCTION = YES;
				GCC_WARN_UNUSED_VARIABLE = YES;
				IPHONEOS_DEPLOYMENT_TARGET = 8.1;
				MTL_ENABLE_DEBUG_INFO = YES;
				ONLY_ACTIVE_ARCH = YES;
				SDKROOT = iphoneos;
			};
			name = Debug;
		};
		96B29CEF1AA0DADD00224BB0 /* Release */ = {
			isa = XCBuildConfiguration;
			buildSettings = {
				ALWAYS_SEARCH_USER_PATHS = NO;
				CLANG_CXX_LANGUAGE_STANDARD = "gnu++0x";
				CLANG_CXX_LIBRARY = "libc++";
				CLANG_ENABLE_MODULES = YES;
				CLANG_ENABLE_OBJC_ARC = YES;
				CLANG_WARN_BOOL_CONVERSION = YES;
				CLANG_WARN_CONSTANT_CONVERSION = YES;
				CLANG_WARN_DIRECT_OBJC_ISA_USAGE = YES_ERROR;
				CLANG_WARN_EMPTY_BODY = YES;
				CLANG_WARN_ENUM_CONVERSION = YES;
				CLANG_WARN_INT_CONVERSION = YES;
				CLANG_WARN_OBJC_ROOT_CLASS = YES_ERROR;
				CLANG_WARN_UNREACHABLE_CODE = YES;
				CLANG_WARN__DUPLICATE_METHOD_MATCH = YES;
				"CODE_SIGN_IDENTITY[sdk=iphoneos*]" = "iPhone Developer";
				COPY_PHASE_STRIP = YES;
				ENABLE_NS_ASSERTIONS = NO;
				ENABLE_STRICT_OBJC_MSGSEND = YES;
				GCC_C_LANGUAGE_STANDARD = gnu99;
				GCC_WARN_64_TO_32_BIT_CONVERSION = YES;
				GCC_WARN_ABOUT_RETURN_TYPE = YES_ERROR;
				GCC_WARN_UNDECLARED_SELECTOR = YES;
				GCC_WARN_UNINITIALIZED_AUTOS = YES_AGGRESSIVE;
				GCC_WARN_UNUSED_FUNCTION = YES;
				GCC_WARN_UNUSED_VARIABLE = YES;
				IPHONEOS_DEPLOYMENT_TARGET = 8.1;
				MTL_ENABLE_DEBUG_INFO = NO;
				SDKROOT = iphoneos;
				VALIDATE_PRODUCT = YES;
			};
			name = Release;
		};
		96B29CF11AA0DADD00224BB0 /* Debug */ = {
			isa = XCBuildConfiguration;
			buildSettings = {
				ASSETCATALOG_COMPILER_APPICON_NAME = AppIcon;
				INFOPLIST_FILE = DroneVideoConf/Info.plist;
				LD_RUNPATH_SEARCH_PATHS = "$(inherited) @executable_path/Frameworks";
				PRODUCT_NAME = "$(TARGET_NAME)";
			};
			name = Debug;
		};
		96B29CF21AA0DADD00224BB0 /* Release */ = {
			isa = XCBuildConfiguration;
			buildSettings = {
				ASSETCATALOG_COMPILER_APPICON_NAME = AppIcon;
				INFOPLIST_FILE = DroneVideoConf/Info.plist;
				LD_RUNPATH_SEARCH_PATHS = "$(inherited) @executable_path/Frameworks";
				PRODUCT_NAME = "$(TARGET_NAME)";
			};
			name = Release;
		};
		96B29CF41AA0DADD00224BB0 /* Debug */ = {
			isa = XCBuildConfiguration;
			buildSettings = {
				BUNDLE_LOADER = "$(TEST_HOST)";
				FRAMEWORK_SEARCH_PATHS = (
					"$(SDKROOT)/Developer/Library/Frameworks",
					"$(inherited)",
				);
				GCC_PREPROCESSOR_DEFINITIONS = (
					"DEBUG=1",
					"$(inherited)",
				);
				INFOPLIST_FILE = DroneVideoConfTests/Info.plist;
				LD_RUNPATH_SEARCH_PATHS = "$(inherited) @executable_path/Frameworks @loader_path/Frameworks";
				PRODUCT_NAME = "$(TARGET_NAME)";
				TEST_HOST = "$(BUILT_PRODUCTS_DIR)/DroneVideoConf.app/DroneVideoConf";
			};
			name = Debug;
		};
		96B29CF51AA0DADD00224BB0 /* Release */ = {
			isa = XCBuildConfiguration;
			buildSettings = {
				BUNDLE_LOADER = "$(TEST_HOST)";
				FRAMEWORK_SEARCH_PATHS = (
					"$(SDKROOT)/Developer/Library/Frameworks",
					"$(inherited)",
				);
				INFOPLIST_FILE = DroneVideoConfTests/Info.plist;
				LD_RUNPATH_SEARCH_PATHS = "$(inherited) @executable_path/Frameworks @loader_path/Frameworks";
				PRODUCT_NAME = "$(TARGET_NAME)";
				TEST_HOST = "$(BUILT_PRODUCTS_DIR)/DroneVideoConf.app/DroneVideoConf";
			};
			name = Release;
		};
/* End XCBuildConfiguration section */

/* Begin XCConfigurationList section */
		96B29CC81AA0DADD00224BB0 /* Build configuration list for PBXProject "DroneVideoConf" */ = {
			isa = XCConfigurationList;
			buildConfigurations = (
				96B29CEE1AA0DADD00224BB0 /* Debug */,
				96B29CEF1AA0DADD00224BB0 /* Release */,
			);
			defaultConfigurationIsVisible = 0;
			defaultConfigurationName = Release;
		};
		96B29CF01AA0DADD00224BB0 /* Build configuration list for PBXNativeTarget "DroneVideoConf" */ = {
			isa = XCConfigurationList;
			buildConfigurations = (
				96B29CF11AA0DADD00224BB0 /* Debug */,
				96B29CF21AA0DADD00224BB0 /* Release */,
			);
			defaultConfigurationIsVisible = 0;
		};
		96B29CF31AA0DADD00224BB0 /* Build configuration list for PBXNativeTarget "DroneVideoConfTests" */ = {
			isa = XCConfigurationList;
			buildConfigurations = (
				96B29CF41AA0DADD00224BB0 /* Debug */,
				96B29CF51AA0DADD00224BB0 /* Release */,
			);
			defaultConfigurationIsVisible = 0;
		};
/* End XCConfigurationList section */
	};
	rootObject = 96B29CC51AA0DADD00224BB0 /* Project object */;
}
