// !$*UTF8*$!
{
	archiveVersion = 1;
	classes = {
	};
	objectVersion = 46;
	objects = {

/* Begin PBXBuildFile section */
		96245C061AD3741500A3C03B /* VideoToolbox.framework in Frameworks */ = {isa = PBXBuildFile; fileRef = 96245C051AD3741500A3C03B /* VideoToolbox.framework */; };
		963AF21E1B0D3B3A0018B4FE /* CoreLocation.framework in Frameworks */ = {isa = PBXBuildFile; fileRef = 963AF21D1B0D3B3A0018B4FE /* CoreLocation.framework */; };
		968B41A81B308EA800B3EE71 /* AppDelegate.m in Sources */ = {isa = PBXBuildFile; fileRef = 968B41961B308EA800B3EE71 /* AppDelegate.m */; };
		968B41A91B308EA800B3EE71 /* DeviceController.m in Sources */ = {isa = PBXBuildFile; fileRef = 968B41981B308EA800B3EE71 /* DeviceController.m */; };
		968B41AA1B308EA800B3EE71 /* DroneVideoView.m in Sources */ = {isa = PBXBuildFile; fileRef = 968B419A1B308EA800B3EE71 /* DroneVideoView.m */; };
		968B41AB1B308EA800B3EE71 /* Images.xcassets in Resources */ = {isa = PBXBuildFile; fileRef = 968B419B1B308EA800B3EE71 /* Images.xcassets */; };
		968B41AD1B308EA800B3EE71 /* LaunchScreen.xib in Resources */ = {isa = PBXBuildFile; fileRef = 968B419D1B308EA800B3EE71 /* LaunchScreen.xib */; };
		968B41AE1B308EA800B3EE71 /* main.m in Sources */ = {isa = PBXBuildFile; fileRef = 968B419E1B308EA800B3EE71 /* main.m */; };
		968B41AF1B308EA800B3EE71 /* Main.storyboard in Resources */ = {isa = PBXBuildFile; fileRef = 968B419F1B308EA800B3EE71 /* Main.storyboard */; };
		968B41B01B308EA800B3EE71 /* MainViewController.m in Sources */ = {isa = PBXBuildFile; fileRef = 968B41A11B308EA800B3EE71 /* MainViewController.m */; };
		96D347731B2B69160090CDFF /* libARCommands.framework in Frameworks */ = {isa = PBXBuildFile; fileRef = 96D3476A1B2B69160090CDFF /* libARCommands.framework */; };
		96D347741B2B69160090CDFF /* libARDataTransfer.framework in Frameworks */ = {isa = PBXBuildFile; fileRef = 96D3476B1B2B69160090CDFF /* libARDataTransfer.framework */; };
		96D347751B2B69160090CDFF /* libARDiscovery.framework in Frameworks */ = {isa = PBXBuildFile; fileRef = 96D3476C1B2B69160090CDFF /* libARDiscovery.framework */; };
		96D347761B2B69160090CDFF /* libARNetwork.framework in Frameworks */ = {isa = PBXBuildFile; fileRef = 96D3476D1B2B69160090CDFF /* libARNetwork.framework */; };
		96D347771B2B69160090CDFF /* libARNetworkAL.framework in Frameworks */ = {isa = PBXBuildFile; fileRef = 96D3476E1B2B69160090CDFF /* libARNetworkAL.framework */; };
		96D347781B2B69160090CDFF /* libARSAL.framework in Frameworks */ = {isa = PBXBuildFile; fileRef = 96D3476F1B2B69160090CDFF /* libARSAL.framework */; };
		96D347791B2B69160090CDFF /* libARStream.framework in Frameworks */ = {isa = PBXBuildFile; fileRef = 96D347701B2B69160090CDFF /* libARStream.framework */; };
		96D3477A1B2B69160090CDFF /* libARUtils.framework in Frameworks */ = {isa = PBXBuildFile; fileRef = 96D347711B2B69160090CDFF /* libARUtils.framework */; };
		96D347A11B2B74DA0090CDFF /* libcurl.framework in Frameworks */ = {isa = PBXBuildFile; fileRef = 96D347A01B2B74DA0090CDFF /* libcurl.framework */; };
		96DD80181ABC8A3400646F7D /* libicucore.dylib in Frameworks */ = {isa = PBXBuildFile; fileRef = 96DD80171ABC8A3300646F7D /* libicucore.dylib */; };
		96DD801A1ABC8A3F00646F7D /* Security.framework in Frameworks */ = {isa = PBXBuildFile; fileRef = 96DD80191ABC8A3F00646F7D /* Security.framework */; };
		96DD801C1ABC8A4A00646F7D /* SystemConfiguration.framework in Frameworks */ = {isa = PBXBuildFile; fileRef = 96DD801B1ABC8A4A00646F7D /* SystemConfiguration.framework */; };
		96DD801E1ABC8A5400646F7D /* MobileCoreServices.framework in Frameworks */ = {isa = PBXBuildFile; fileRef = 96DD801D1ABC8A5400646F7D /* MobileCoreServices.framework */; };
		96DD80201ABC8A5D00646F7D /* CFNetwork.framework in Frameworks */ = {isa = PBXBuildFile; fileRef = 96DD801F1ABC8A5D00646F7D /* CFNetwork.framework */; };
		E905142E1B4EE5B900584AC4 /* ARDSignalingMessage.m in Sources */ = {isa = PBXBuildFile; fileRef = E90514041B4EE5B900584AC4 /* ARDSignalingMessage.m */; };
		E905142F1B4EE5B900584AC4 /* ARDUtilities.m in Sources */ = {isa = PBXBuildFile; fileRef = E90514061B4EE5B900584AC4 /* ARDUtilities.m */; };
		E90514301B4EE5B900584AC4 /* Peer.m in Sources */ = {isa = PBXBuildFile; fileRef = E90514081B4EE5B900584AC4 /* Peer.m */; };
		E90514311B4EE5B900584AC4 /* RTCICECandidate+JSON.m in Sources */ = {isa = PBXBuildFile; fileRef = E905140A1B4EE5B900584AC4 /* RTCICECandidate+JSON.m */; };
		E90514321B4EE5B900584AC4 /* RTCSessionDescription+JSON.m in Sources */ = {isa = PBXBuildFile; fileRef = E905140C1B4EE5B900584AC4 /* RTCSessionDescription+JSON.m */; };
		E90514331B4EE5B900584AC4 /* LICENSE in Resources */ = {isa = PBXBuildFile; fileRef = E905140F1B4EE5B900584AC4 /* LICENSE */; };
		E90514341B4EE5B900584AC4 /* SRWebSocket.m in Sources */ = {isa = PBXBuildFile; fileRef = E90514111B4EE5B900584AC4 /* SRWebSocket.m */; };
		E90514351B4EE5B900584AC4 /* libWebRTC.a in Frameworks */ = {isa = PBXBuildFile; fileRef = E90514131B4EE5B900584AC4 /* libWebRTC.a */; };
		E90514371B4EE63000584AC4 /* libstdc++.6.dylib in Frameworks */ = {isa = PBXBuildFile; fileRef = E90514361B4EE63000584AC4 /* libstdc++.6.dylib */; };
		E90514391B4EE64400584AC4 /* AudioToolbox.framework in Frameworks */ = {isa = PBXBuildFile; fileRef = E90514381B4EE64400584AC4 /* AudioToolbox.framework */; };
		E905143B1B4EE65500584AC4 /* AVFoundation.framework in Frameworks */ = {isa = PBXBuildFile; fileRef = E905143A1B4EE65500584AC4 /* AVFoundation.framework */; };
		E905143D1B4EE66F00584AC4 /* CoreAudio.framework in Frameworks */ = {isa = PBXBuildFile; fileRef = E905143C1B4EE66E00584AC4 /* CoreAudio.framework */; };
		E905143F1B4EE67500584AC4 /* CoreMedia.framework in Frameworks */ = {isa = PBXBuildFile; fileRef = E905143E1B4EE67500584AC4 /* CoreMedia.framework */; };
		E90514411B4EE67B00584AC4 /* CoreVideo.framework in Frameworks */ = {isa = PBXBuildFile; fileRef = E90514401B4EE67B00584AC4 /* CoreVideo.framework */; };
		E90514431B4EE68D00584AC4 /* CoreGraphics.framework in Frameworks */ = {isa = PBXBuildFile; fileRef = E90514421B4EE68D00584AC4 /* CoreGraphics.framework */; };
		E90514451B4EE6A200584AC4 /* OpenGLES.framework in Frameworks */ = {isa = PBXBuildFile; fileRef = E90514441B4EE6A200584AC4 /* OpenGLES.framework */; };
		E90514471B4EE6B100584AC4 /* QuartzCore.framework in Frameworks */ = {isa = PBXBuildFile; fileRef = E90514461B4EE6B100584AC4 /* QuartzCore.framework */; };
		E96226BA1B18DAE600BF584B /* gps.c in Sources */ = {isa = PBXBuildFile; fileRef = E96226AC1B18DAE600BF584B /* gps.c */; };
		E96226BC1B18DAE600BF584B /* kalman.c in Sources */ = {isa = PBXBuildFile; fileRef = E96226AF1B18DAE600BF584B /* kalman.c */; };
		E96226BE1B18DAE600BF584B /* LICENSE in Resources */ = {isa = PBXBuildFile; fileRef = E96226B21B18DAE600BF584B /* LICENSE */; };
		E96226C01B18DAE600BF584B /* matrix.c in Sources */ = {isa = PBXBuildFile; fileRef = E96226B41B18DAE600BF584B /* matrix.c */; };
		E96226C21B18DAE600BF584B /* README in Resources */ = {isa = PBXBuildFile; fileRef = E96226B71B18DAE600BF584B /* README */; };
		E96226D51B1FBDDC00BF584B /* libz.dylib in Frameworks */ = {isa = PBXBuildFile; fileRef = E96226D41B1FBDDC00BF584B /* libz.dylib */; };
		E9A61AE41B4A37C400CA142B /* VideoChatViewController.m in Sources */ = {isa = PBXBuildFile; fileRef = E9A61AE31B4A37C400CA142B /* VideoChatViewController.m */; };
		E9BA9C651B45A6BB0078A35E /* SocketAckManager.swift in Sources */ = {isa = PBXBuildFile; fileRef = E9BA9C581B45A6BB0078A35E /* SocketAckManager.swift */; };
		E9BA9C661B45A6BB0078A35E /* SocketAnyEvent.swift in Sources */ = {isa = PBXBuildFile; fileRef = E9BA9C591B45A6BB0078A35E /* SocketAnyEvent.swift */; };
		E9BA9C671B45A6BB0078A35E /* SocketEngine.swift in Sources */ = {isa = PBXBuildFile; fileRef = E9BA9C5A1B45A6BB0078A35E /* SocketEngine.swift */; };
		E9BA9C681B45A6BB0078A35E /* SocketEngineClient.swift in Sources */ = {isa = PBXBuildFile; fileRef = E9BA9C5B1B45A6BB0078A35E /* SocketEngineClient.swift */; };
		E9BA9C691B45A6BB0078A35E /* SocketEventHandler.swift in Sources */ = {isa = PBXBuildFile; fileRef = E9BA9C5C1B45A6BB0078A35E /* SocketEventHandler.swift */; };
		E9BA9C6A1B45A6BB0078A35E /* SocketFixUTF8.swift in Sources */ = {isa = PBXBuildFile; fileRef = E9BA9C5D1B45A6BB0078A35E /* SocketFixUTF8.swift */; };
		E9BA9C6B1B45A6BB0078A35E /* SocketIOClient.swift in Sources */ = {isa = PBXBuildFile; fileRef = E9BA9C5E1B45A6BB0078A35E /* SocketIOClient.swift */; };
		E9BA9C6C1B45A6BB0078A35E /* SocketLogger.swift in Sources */ = {isa = PBXBuildFile; fileRef = E9BA9C5F1B45A6BB0078A35E /* SocketLogger.swift */; };
		E9BA9C6D1B45A6BB0078A35E /* SocketPacket.swift in Sources */ = {isa = PBXBuildFile; fileRef = E9BA9C601B45A6BB0078A35E /* SocketPacket.swift */; };
		E9BA9C6E1B45A6BB0078A35E /* SocketParser.swift in Sources */ = {isa = PBXBuildFile; fileRef = E9BA9C611B45A6BB0078A35E /* SocketParser.swift */; };
		E9BA9C6F1B45A6BB0078A35E /* SocketTypes.swift in Sources */ = {isa = PBXBuildFile; fileRef = E9BA9C621B45A6BB0078A35E /* SocketTypes.swift */; };
		E9BA9C701B45A6BB0078A35E /* SwiftRegex.swift in Sources */ = {isa = PBXBuildFile; fileRef = E9BA9C631B45A6BB0078A35E /* SwiftRegex.swift */; };
		E9BA9C711B45A6BB0078A35E /* WebSocket.swift in Sources */ = {isa = PBXBuildFile; fileRef = E9BA9C641B45A6BB0078A35E /* WebSocket.swift */; };
		E9BA9C791B45A9FC0078A35E /* libc++.dylib in Frameworks */ = {isa = PBXBuildFile; fileRef = E9BA9C781B45A9FC0078A35E /* libc++.dylib */; };
		E9BA9C7B1B45AA0A0078A35E /* libsqlite3.dylib in Frameworks */ = {isa = PBXBuildFile; fileRef = E9BA9C7A1B45AA0A0078A35E /* libsqlite3.dylib */; };
		E9BA9C7D1B45AA170078A35E /* libresolv.dylib in Frameworks */ = {isa = PBXBuildFile; fileRef = E9BA9C7C1B45AA170078A35E /* libresolv.dylib */; };
		E9BA9C7F1B45AA2A0078A35E /* libxml2.dylib in Frameworks */ = {isa = PBXBuildFile; fileRef = E9BA9C7E1B45AA2A0078A35E /* libxml2.dylib */; };
		E9BA9C811B45AA3B0078A35E /* GLKit.framework in Frameworks */ = {isa = PBXBuildFile; fileRef = E9BA9C801B45AA3B0078A35E /* GLKit.framework */; };
		E9C38AB41B5D684A00C8727B /* Utility.m in Sources */ = {isa = PBXBuildFile; fileRef = E9C38AB31B5D684A00C8727B /* Utility.m */; };
		E9EE87E71B5704E10068A510 /* DroneVideoViewController.m in Sources */ = {isa = PBXBuildFile; fileRef = E9EE87E61B5704E10068A510 /* DroneVideoViewController.m */; };
		E9EE87EA1B5827D70068A510 /* DVCTabBarController.m in Sources */ = {isa = PBXBuildFile; fileRef = E9EE87E91B5827D70068A510 /* DVCTabBarController.m */; };
/* End PBXBuildFile section */

/* Begin PBXFileReference section */
		1D9DF2351A6D580F000941ED /* DVC.app */ = {isa = PBXFileReference; explicitFileType = wrapper.application; includeInIndex = 0; path = DVC.app; sourceTree = BUILT_PRODUCTS_DIR; };
		96245C051AD3741500A3C03B /* VideoToolbox.framework */ = {isa = PBXFileReference; lastKnownFileType = wrapper.framework; name = VideoToolbox.framework; path = System/Library/Frameworks/VideoToolbox.framework; sourceTree = SDKROOT; };
		963AF21D1B0D3B3A0018B4FE /* CoreLocation.framework */ = {isa = PBXFileReference; lastKnownFileType = wrapper.framework; name = CoreLocation.framework; path = System/Library/Frameworks/CoreLocation.framework; sourceTree = SDKROOT; };
		968B41951B308EA800B3EE71 /* AppDelegate.h */ = {isa = PBXFileReference; fileEncoding = 4; lastKnownFileType = sourcecode.c.h; path = AppDelegate.h; sourceTree = "<group>"; };
		968B41961B308EA800B3EE71 /* AppDelegate.m */ = {isa = PBXFileReference; fileEncoding = 4; lastKnownFileType = sourcecode.c.objc; path = AppDelegate.m; sourceTree = "<group>"; };
		968B41971B308EA800B3EE71 /* DeviceController.h */ = {isa = PBXFileReference; fileEncoding = 4; lastKnownFileType = sourcecode.c.h; path = DeviceController.h; sourceTree = "<group>"; };
		968B41981B308EA800B3EE71 /* DeviceController.m */ = {isa = PBXFileReference; fileEncoding = 4; lastKnownFileType = sourcecode.c.objc; path = DeviceController.m; sourceTree = "<group>"; };
		968B41991B308EA800B3EE71 /* DroneVideoView.h */ = {isa = PBXFileReference; fileEncoding = 4; lastKnownFileType = sourcecode.c.h; path = DroneVideoView.h; sourceTree = "<group>"; };
		968B419A1B308EA800B3EE71 /* DroneVideoView.m */ = {isa = PBXFileReference; fileEncoding = 4; lastKnownFileType = sourcecode.c.objc; path = DroneVideoView.m; sourceTree = "<group>"; };
		968B419B1B308EA800B3EE71 /* Images.xcassets */ = {isa = PBXFileReference; lastKnownFileType = folder.assetcatalog; path = Images.xcassets; sourceTree = "<group>"; };
		968B419C1B308EA800B3EE71 /* Info.plist */ = {isa = PBXFileReference; fileEncoding = 4; lastKnownFileType = text.plist.xml; path = Info.plist; sourceTree = "<group>"; };
		968B419D1B308EA800B3EE71 /* LaunchScreen.xib */ = {isa = PBXFileReference; fileEncoding = 4; lastKnownFileType = file.xib; path = LaunchScreen.xib; sourceTree = "<group>"; };
		968B419E1B308EA800B3EE71 /* main.m */ = {isa = PBXFileReference; fileEncoding = 4; lastKnownFileType = sourcecode.c.objc; path = main.m; sourceTree = "<group>"; };
		968B419F1B308EA800B3EE71 /* Main.storyboard */ = {isa = PBXFileReference; fileEncoding = 4; lastKnownFileType = file.storyboard; path = Main.storyboard; sourceTree = "<group>"; };
		968B41A01B308EA800B3EE71 /* MainViewController.h */ = {isa = PBXFileReference; fileEncoding = 4; lastKnownFileType = sourcecode.c.h; path = MainViewController.h; sourceTree = "<group>"; };
		968B41A11B308EA800B3EE71 /* MainViewController.m */ = {isa = PBXFileReference; fileEncoding = 4; lastKnownFileType = sourcecode.c.objc; path = MainViewController.m; sourceTree = "<group>"; };
		96D3476A1B2B69160090CDFF /* libARCommands.framework */ = {isa = PBXFileReference; lastKnownFileType = wrapper.framework; name = libARCommands.framework; path = "ARDroneSDK3-Frameworks/libARCommands.framework"; sourceTree = "<group>"; };
		96D3476B1B2B69160090CDFF /* libARDataTransfer.framework */ = {isa = PBXFileReference; lastKnownFileType = wrapper.framework; name = libARDataTransfer.framework; path = "ARDroneSDK3-Frameworks/libARDataTransfer.framework"; sourceTree = "<group>"; };
		96D3476C1B2B69160090CDFF /* libARDiscovery.framework */ = {isa = PBXFileReference; lastKnownFileType = wrapper.framework; name = libARDiscovery.framework; path = "ARDroneSDK3-Frameworks/libARDiscovery.framework"; sourceTree = "<group>"; };
		96D3476D1B2B69160090CDFF /* libARNetwork.framework */ = {isa = PBXFileReference; lastKnownFileType = wrapper.framework; name = libARNetwork.framework; path = "ARDroneSDK3-Frameworks/libARNetwork.framework"; sourceTree = "<group>"; };
		96D3476E1B2B69160090CDFF /* libARNetworkAL.framework */ = {isa = PBXFileReference; lastKnownFileType = wrapper.framework; name = libARNetworkAL.framework; path = "ARDroneSDK3-Frameworks/libARNetworkAL.framework"; sourceTree = "<group>"; };
		96D3476F1B2B69160090CDFF /* libARSAL.framework */ = {isa = PBXFileReference; lastKnownFileType = wrapper.framework; name = libARSAL.framework; path = "ARDroneSDK3-Frameworks/libARSAL.framework"; sourceTree = "<group>"; };
		96D347701B2B69160090CDFF /* libARStream.framework */ = {isa = PBXFileReference; lastKnownFileType = wrapper.framework; name = libARStream.framework; path = "ARDroneSDK3-Frameworks/libARStream.framework"; sourceTree = "<group>"; };
		96D347711B2B69160090CDFF /* libARUtils.framework */ = {isa = PBXFileReference; lastKnownFileType = wrapper.framework; name = libARUtils.framework; path = "ARDroneSDK3-Frameworks/libARUtils.framework"; sourceTree = "<group>"; };
		96D347A01B2B74DA0090CDFF /* libcurl.framework */ = {isa = PBXFileReference; lastKnownFileType = wrapper.framework; name = libcurl.framework; path = "ARDroneSDK3-Frameworks/libcurl.framework"; sourceTree = "<group>"; };
		96DD80171ABC8A3300646F7D /* libicucore.dylib */ = {isa = PBXFileReference; lastKnownFileType = "compiled.mach-o.dylib"; name = libicucore.dylib; path = usr/lib/libicucore.dylib; sourceTree = SDKROOT; };
		96DD80191ABC8A3F00646F7D /* Security.framework */ = {isa = PBXFileReference; lastKnownFileType = wrapper.framework; name = Security.framework; path = System/Library/Frameworks/Security.framework; sourceTree = SDKROOT; };
		96DD801B1ABC8A4A00646F7D /* SystemConfiguration.framework */ = {isa = PBXFileReference; lastKnownFileType = wrapper.framework; name = SystemConfiguration.framework; path = System/Library/Frameworks/SystemConfiguration.framework; sourceTree = SDKROOT; };
		96DD801D1ABC8A5400646F7D /* MobileCoreServices.framework */ = {isa = PBXFileReference; lastKnownFileType = wrapper.framework; name = MobileCoreServices.framework; path = System/Library/Frameworks/MobileCoreServices.framework; sourceTree = SDKROOT; };
		96DD801F1ABC8A5D00646F7D /* CFNetwork.framework */ = {isa = PBXFileReference; lastKnownFileType = wrapper.framework; name = CFNetwork.framework; path = System/Library/Frameworks/CFNetwork.framework; sourceTree = SDKROOT; };
		E90514031B4EE5B900584AC4 /* ARDSignalingMessage.h */ = {isa = PBXFileReference; fileEncoding = 4; lastKnownFileType = sourcecode.c.h; path = ARDSignalingMessage.h; sourceTree = "<group>"; };
		E90514041B4EE5B900584AC4 /* ARDSignalingMessage.m */ = {isa = PBXFileReference; fileEncoding = 4; lastKnownFileType = sourcecode.c.objc; path = ARDSignalingMessage.m; sourceTree = "<group>"; };
		E90514051B4EE5B900584AC4 /* ARDUtilities.h */ = {isa = PBXFileReference; fileEncoding = 4; lastKnownFileType = sourcecode.c.h; path = ARDUtilities.h; sourceTree = "<group>"; };
		E90514061B4EE5B900584AC4 /* ARDUtilities.m */ = {isa = PBXFileReference; fileEncoding = 4; lastKnownFileType = sourcecode.c.objc; path = ARDUtilities.m; sourceTree = "<group>"; };
		E90514071B4EE5B900584AC4 /* Peer.h */ = {isa = PBXFileReference; fileEncoding = 4; lastKnownFileType = sourcecode.c.h; path = Peer.h; sourceTree = "<group>"; };
		E90514081B4EE5B900584AC4 /* Peer.m */ = {isa = PBXFileReference; fileEncoding = 4; lastKnownFileType = sourcecode.c.objc; path = Peer.m; sourceTree = "<group>"; };
		E90514091B4EE5B900584AC4 /* RTCICECandidate+JSON.h */ = {isa = PBXFileReference; fileEncoding = 4; lastKnownFileType = sourcecode.c.h; path = "RTCICECandidate+JSON.h"; sourceTree = "<group>"; };
		E905140A1B4EE5B900584AC4 /* RTCICECandidate+JSON.m */ = {isa = PBXFileReference; fileEncoding = 4; lastKnownFileType = sourcecode.c.objc; path = "RTCICECandidate+JSON.m"; sourceTree = "<group>"; };
		E905140B1B4EE5B900584AC4 /* RTCSessionDescription+JSON.h */ = {isa = PBXFileReference; fileEncoding = 4; lastKnownFileType = sourcecode.c.h; path = "RTCSessionDescription+JSON.h"; sourceTree = "<group>"; };
		E905140C1B4EE5B900584AC4 /* RTCSessionDescription+JSON.m */ = {isa = PBXFileReference; fileEncoding = 4; lastKnownFileType = sourcecode.c.objc; path = "RTCSessionDescription+JSON.m"; sourceTree = "<group>"; };
		E905140F1B4EE5B900584AC4 /* LICENSE */ = {isa = PBXFileReference; fileEncoding = 4; lastKnownFileType = text; path = LICENSE; sourceTree = "<group>"; };
		E90514101B4EE5B900584AC4 /* SRWebSocket.h */ = {isa = PBXFileReference; fileEncoding = 4; lastKnownFileType = sourcecode.c.h; path = SRWebSocket.h; sourceTree = "<group>"; };
		E90514111B4EE5B900584AC4 /* SRWebSocket.m */ = {isa = PBXFileReference; fileEncoding = 4; lastKnownFileType = sourcecode.c.objc; path = SRWebSocket.m; sourceTree = "<group>"; };
		E90514131B4EE5B900584AC4 /* libWebRTC.a */ = {isa = PBXFileReference; lastKnownFileType = archive.ar; path = libWebRTC.a; sourceTree = "<group>"; };
		E90514141B4EE5B900584AC4 /* RTCAudioSource.h */ = {isa = PBXFileReference; fileEncoding = 4; lastKnownFileType = sourcecode.c.h; path = RTCAudioSource.h; sourceTree = "<group>"; };
		E90514151B4EE5B900584AC4 /* RTCAudioTrack.h */ = {isa = PBXFileReference; fileEncoding = 4; lastKnownFileType = sourcecode.c.h; path = RTCAudioTrack.h; sourceTree = "<group>"; };
		E90514161B4EE5B900584AC4 /* RTCDataChannel.h */ = {isa = PBXFileReference; fileEncoding = 4; lastKnownFileType = sourcecode.c.h; path = RTCDataChannel.h; sourceTree = "<group>"; };
		E90514171B4EE5B900584AC4 /* RTCEAGLVideoView.h */ = {isa = PBXFileReference; fileEncoding = 4; lastKnownFileType = sourcecode.c.h; path = RTCEAGLVideoView.h; sourceTree = "<group>"; };
		E90514181B4EE5B900584AC4 /* RTCI420Frame.h */ = {isa = PBXFileReference; fileEncoding = 4; lastKnownFileType = sourcecode.c.h; path = RTCI420Frame.h; sourceTree = "<group>"; };
		E90514191B4EE5B900584AC4 /* RTCICECandidate.h */ = {isa = PBXFileReference; fileEncoding = 4; lastKnownFileType = sourcecode.c.h; path = RTCICECandidate.h; sourceTree = "<group>"; };
		E905141A1B4EE5B900584AC4 /* RTCICEServer.h */ = {isa = PBXFileReference; fileEncoding = 4; lastKnownFileType = sourcecode.c.h; path = RTCICEServer.h; sourceTree = "<group>"; };
		E905141B1B4EE5B900584AC4 /* RTCMediaConstraints.h */ = {isa = PBXFileReference; fileEncoding = 4; lastKnownFileType = sourcecode.c.h; path = RTCMediaConstraints.h; sourceTree = "<group>"; };
		E905141C1B4EE5B900584AC4 /* RTCMediaSource.h */ = {isa = PBXFileReference; fileEncoding = 4; lastKnownFileType = sourcecode.c.h; path = RTCMediaSource.h; sourceTree = "<group>"; };
		E905141D1B4EE5B900584AC4 /* RTCMediaStream.h */ = {isa = PBXFileReference; fileEncoding = 4; lastKnownFileType = sourcecode.c.h; path = RTCMediaStream.h; sourceTree = "<group>"; };
		E905141E1B4EE5B900584AC4 /* RTCMediaStreamTrack.h */ = {isa = PBXFileReference; fileEncoding = 4; lastKnownFileType = sourcecode.c.h; path = RTCMediaStreamTrack.h; sourceTree = "<group>"; };
		E905141F1B4EE5B900584AC4 /* RTCNSGLVideoView.h */ = {isa = PBXFileReference; fileEncoding = 4; lastKnownFileType = sourcecode.c.h; path = RTCNSGLVideoView.h; sourceTree = "<group>"; };
		E90514201B4EE5B900584AC4 /* RTCOpenGLVideoRenderer.h */ = {isa = PBXFileReference; fileEncoding = 4; lastKnownFileType = sourcecode.c.h; path = RTCOpenGLVideoRenderer.h; sourceTree = "<group>"; };
		E90514211B4EE5B900584AC4 /* RTCPair.h */ = {isa = PBXFileReference; fileEncoding = 4; lastKnownFileType = sourcecode.c.h; path = RTCPair.h; sourceTree = "<group>"; };
		E90514221B4EE5B900584AC4 /* RTCPeerConnection.h */ = {isa = PBXFileReference; fileEncoding = 4; lastKnownFileType = sourcecode.c.h; path = RTCPeerConnection.h; sourceTree = "<group>"; };
		E90514231B4EE5B900584AC4 /* RTCPeerConnectionDelegate.h */ = {isa = PBXFileReference; fileEncoding = 4; lastKnownFileType = sourcecode.c.h; path = RTCPeerConnectionDelegate.h; sourceTree = "<group>"; };
		E90514241B4EE5B900584AC4 /* RTCPeerConnectionFactory.h */ = {isa = PBXFileReference; fileEncoding = 4; lastKnownFileType = sourcecode.c.h; path = RTCPeerConnectionFactory.h; sourceTree = "<group>"; };
		E90514251B4EE5B900584AC4 /* RTCSessionDescription.h */ = {isa = PBXFileReference; fileEncoding = 4; lastKnownFileType = sourcecode.c.h; path = RTCSessionDescription.h; sourceTree = "<group>"; };
		E90514261B4EE5B900584AC4 /* RTCSessionDescriptionDelegate.h */ = {isa = PBXFileReference; fileEncoding = 4; lastKnownFileType = sourcecode.c.h; path = RTCSessionDescriptionDelegate.h; sourceTree = "<group>"; };
		E90514271B4EE5B900584AC4 /* RTCStatsDelegate.h */ = {isa = PBXFileReference; fileEncoding = 4; lastKnownFileType = sourcecode.c.h; path = RTCStatsDelegate.h; sourceTree = "<group>"; };
		E90514281B4EE5B900584AC4 /* RTCStatsReport.h */ = {isa = PBXFileReference; fileEncoding = 4; lastKnownFileType = sourcecode.c.h; path = RTCStatsReport.h; sourceTree = "<group>"; };
		E90514291B4EE5B900584AC4 /* RTCTypes.h */ = {isa = PBXFileReference; fileEncoding = 4; lastKnownFileType = sourcecode.c.h; path = RTCTypes.h; sourceTree = "<group>"; };
		E905142A1B4EE5B900584AC4 /* RTCVideoCapturer.h */ = {isa = PBXFileReference; fileEncoding = 4; lastKnownFileType = sourcecode.c.h; path = RTCVideoCapturer.h; sourceTree = "<group>"; };
		E905142B1B4EE5B900584AC4 /* RTCVideoRenderer.h */ = {isa = PBXFileReference; fileEncoding = 4; lastKnownFileType = sourcecode.c.h; path = RTCVideoRenderer.h; sourceTree = "<group>"; };
		E905142C1B4EE5B900584AC4 /* RTCVideoSource.h */ = {isa = PBXFileReference; fileEncoding = 4; lastKnownFileType = sourcecode.c.h; path = RTCVideoSource.h; sourceTree = "<group>"; };
		E905142D1B4EE5B900584AC4 /* RTCVideoTrack.h */ = {isa = PBXFileReference; fileEncoding = 4; lastKnownFileType = sourcecode.c.h; path = RTCVideoTrack.h; sourceTree = "<group>"; };
		E90514361B4EE63000584AC4 /* libstdc++.6.dylib */ = {isa = PBXFileReference; lastKnownFileType = "compiled.mach-o.dylib"; name = "libstdc++.6.dylib"; path = "usr/lib/libstdc++.6.dylib"; sourceTree = SDKROOT; };
		E90514381B4EE64400584AC4 /* AudioToolbox.framework */ = {isa = PBXFileReference; lastKnownFileType = wrapper.framework; name = AudioToolbox.framework; path = System/Library/Frameworks/AudioToolbox.framework; sourceTree = SDKROOT; };
		E905143A1B4EE65500584AC4 /* AVFoundation.framework */ = {isa = PBXFileReference; lastKnownFileType = wrapper.framework; name = AVFoundation.framework; path = System/Library/Frameworks/AVFoundation.framework; sourceTree = SDKROOT; };
		E905143C1B4EE66E00584AC4 /* CoreAudio.framework */ = {isa = PBXFileReference; lastKnownFileType = wrapper.framework; name = CoreAudio.framework; path = System/Library/Frameworks/CoreAudio.framework; sourceTree = SDKROOT; };
		E905143E1B4EE67500584AC4 /* CoreMedia.framework */ = {isa = PBXFileReference; lastKnownFileType = wrapper.framework; name = CoreMedia.framework; path = System/Library/Frameworks/CoreMedia.framework; sourceTree = SDKROOT; };
		E90514401B4EE67B00584AC4 /* CoreVideo.framework */ = {isa = PBXFileReference; lastKnownFileType = wrapper.framework; name = CoreVideo.framework; path = System/Library/Frameworks/CoreVideo.framework; sourceTree = SDKROOT; };
		E90514421B4EE68D00584AC4 /* CoreGraphics.framework */ = {isa = PBXFileReference; lastKnownFileType = wrapper.framework; name = CoreGraphics.framework; path = System/Library/Frameworks/CoreGraphics.framework; sourceTree = SDKROOT; };
		E90514441B4EE6A200584AC4 /* OpenGLES.framework */ = {isa = PBXFileReference; lastKnownFileType = wrapper.framework; name = OpenGLES.framework; path = System/Library/Frameworks/OpenGLES.framework; sourceTree = SDKROOT; };
		E90514461B4EE6B100584AC4 /* QuartzCore.framework */ = {isa = PBXFileReference; lastKnownFileType = wrapper.framework; name = QuartzCore.framework; path = System/Library/Frameworks/QuartzCore.framework; sourceTree = SDKROOT; };
		E96226AC1B18DAE600BF584B /* gps.c */ = {isa = PBXFileReference; fileEncoding = 4; lastKnownFileType = sourcecode.c.c; path = gps.c; sourceTree = "<group>"; };
		E96226AD1B18DAE600BF584B /* gps.h */ = {isa = PBXFileReference; fileEncoding = 4; lastKnownFileType = sourcecode.c.h; path = gps.h; sourceTree = "<group>"; };
		E96226AF1B18DAE600BF584B /* kalman.c */ = {isa = PBXFileReference; fileEncoding = 4; lastKnownFileType = sourcecode.c.c; path = kalman.c; sourceTree = "<group>"; };
		E96226B01B18DAE600BF584B /* kalman.h */ = {isa = PBXFileReference; fileEncoding = 4; lastKnownFileType = sourcecode.c.h; path = kalman.h; sourceTree = "<group>"; };
		E96226B21B18DAE600BF584B /* LICENSE */ = {isa = PBXFileReference; fileEncoding = 4; lastKnownFileType = text; path = LICENSE; sourceTree = "<group>"; };
		E96226B41B18DAE600BF584B /* matrix.c */ = {isa = PBXFileReference; fileEncoding = 4; lastKnownFileType = sourcecode.c.c; path = matrix.c; sourceTree = "<group>"; };
		E96226B51B18DAE600BF584B /* matrix.h */ = {isa = PBXFileReference; fileEncoding = 4; lastKnownFileType = sourcecode.c.h; path = matrix.h; sourceTree = "<group>"; };
		E96226B71B18DAE600BF584B /* README */ = {isa = PBXFileReference; fileEncoding = 4; lastKnownFileType = text; path = README; sourceTree = "<group>"; };
		E96226D41B1FBDDC00BF584B /* libz.dylib */ = {isa = PBXFileReference; lastKnownFileType = "compiled.mach-o.dylib"; name = libz.dylib; path = usr/lib/libz.dylib; sourceTree = SDKROOT; };
		E9A61AE21B4A37C400CA142B /* VideoChatViewController.h */ = {isa = PBXFileReference; fileEncoding = 4; lastKnownFileType = sourcecode.c.h; path = VideoChatViewController.h; sourceTree = "<group>"; };
		E9A61AE31B4A37C400CA142B /* VideoChatViewController.m */ = {isa = PBXFileReference; fileEncoding = 4; lastKnownFileType = sourcecode.c.objc; path = VideoChatViewController.m; sourceTree = "<group>"; };
		E9BA9C581B45A6BB0078A35E /* SocketAckManager.swift */ = {isa = PBXFileReference; fileEncoding = 4; lastKnownFileType = sourcecode.swift; path = SocketAckManager.swift; sourceTree = "<group>"; };
		E9BA9C591B45A6BB0078A35E /* SocketAnyEvent.swift */ = {isa = PBXFileReference; fileEncoding = 4; lastKnownFileType = sourcecode.swift; path = SocketAnyEvent.swift; sourceTree = "<group>"; };
		E9BA9C5A1B45A6BB0078A35E /* SocketEngine.swift */ = {isa = PBXFileReference; fileEncoding = 4; lastKnownFileType = sourcecode.swift; path = SocketEngine.swift; sourceTree = "<group>"; };
		E9BA9C5B1B45A6BB0078A35E /* SocketEngineClient.swift */ = {isa = PBXFileReference; fileEncoding = 4; lastKnownFileType = sourcecode.swift; path = SocketEngineClient.swift; sourceTree = "<group>"; };
		E9BA9C5C1B45A6BB0078A35E /* SocketEventHandler.swift */ = {isa = PBXFileReference; fileEncoding = 4; lastKnownFileType = sourcecode.swift; path = SocketEventHandler.swift; sourceTree = "<group>"; };
		E9BA9C5D1B45A6BB0078A35E /* SocketFixUTF8.swift */ = {isa = PBXFileReference; fileEncoding = 4; lastKnownFileType = sourcecode.swift; path = SocketFixUTF8.swift; sourceTree = "<group>"; };
		E9BA9C5E1B45A6BB0078A35E /* SocketIOClient.swift */ = {isa = PBXFileReference; fileEncoding = 4; lastKnownFileType = sourcecode.swift; path = SocketIOClient.swift; sourceTree = "<group>"; };
		E9BA9C5F1B45A6BB0078A35E /* SocketLogger.swift */ = {isa = PBXFileReference; fileEncoding = 4; lastKnownFileType = sourcecode.swift; path = SocketLogger.swift; sourceTree = "<group>"; };
		E9BA9C601B45A6BB0078A35E /* SocketPacket.swift */ = {isa = PBXFileReference; fileEncoding = 4; lastKnownFileType = sourcecode.swift; path = SocketPacket.swift; sourceTree = "<group>"; };
		E9BA9C611B45A6BB0078A35E /* SocketParser.swift */ = {isa = PBXFileReference; fileEncoding = 4; lastKnownFileType = sourcecode.swift; path = SocketParser.swift; sourceTree = "<group>"; };
		E9BA9C621B45A6BB0078A35E /* SocketTypes.swift */ = {isa = PBXFileReference; fileEncoding = 4; lastKnownFileType = sourcecode.swift; path = SocketTypes.swift; sourceTree = "<group>"; };
		E9BA9C631B45A6BB0078A35E /* SwiftRegex.swift */ = {isa = PBXFileReference; fileEncoding = 4; lastKnownFileType = sourcecode.swift; path = SwiftRegex.swift; sourceTree = "<group>"; };
		E9BA9C641B45A6BB0078A35E /* WebSocket.swift */ = {isa = PBXFileReference; fileEncoding = 4; lastKnownFileType = sourcecode.swift; path = WebSocket.swift; sourceTree = "<group>"; };
		E9BA9C781B45A9FC0078A35E /* libc++.dylib */ = {isa = PBXFileReference; lastKnownFileType = "compiled.mach-o.dylib"; name = "libc++.dylib"; path = "usr/lib/libc++.dylib"; sourceTree = SDKROOT; };
		E9BA9C7A1B45AA0A0078A35E /* libsqlite3.dylib */ = {isa = PBXFileReference; lastKnownFileType = "compiled.mach-o.dylib"; name = libsqlite3.dylib; path = usr/lib/libsqlite3.dylib; sourceTree = SDKROOT; };
		E9BA9C7C1B45AA170078A35E /* libresolv.dylib */ = {isa = PBXFileReference; lastKnownFileType = "compiled.mach-o.dylib"; name = libresolv.dylib; path = usr/lib/libresolv.dylib; sourceTree = SDKROOT; };
		E9BA9C7E1B45AA2A0078A35E /* libxml2.dylib */ = {isa = PBXFileReference; lastKnownFileType = "compiled.mach-o.dylib"; name = libxml2.dylib; path = usr/lib/libxml2.dylib; sourceTree = SDKROOT; };
		E9BA9C801B45AA3B0078A35E /* GLKit.framework */ = {isa = PBXFileReference; lastKnownFileType = wrapper.framework; name = GLKit.framework; path = System/Library/Frameworks/GLKit.framework; sourceTree = SDKROOT; };
		E9C38AB21B5D684A00C8727B /* Utility.h */ = {isa = PBXFileReference; fileEncoding = 4; lastKnownFileType = sourcecode.c.h; path = Utility.h; sourceTree = "<group>"; };
		E9C38AB31B5D684A00C8727B /* Utility.m */ = {isa = PBXFileReference; fileEncoding = 4; lastKnownFileType = sourcecode.c.objc; path = Utility.m; sourceTree = "<group>"; };
		E9EE87E51B5704E10068A510 /* DroneVideoViewController.h */ = {isa = PBXFileReference; fileEncoding = 4; lastKnownFileType = sourcecode.c.h; path = DroneVideoViewController.h; sourceTree = "<group>"; };
		E9EE87E61B5704E10068A510 /* DroneVideoViewController.m */ = {isa = PBXFileReference; fileEncoding = 4; lastKnownFileType = sourcecode.c.objc; path = DroneVideoViewController.m; sourceTree = "<group>"; };
		E9EE87E81B5827D70068A510 /* DVCTabBarController.h */ = {isa = PBXFileReference; fileEncoding = 4; lastKnownFileType = sourcecode.c.h; path = DVCTabBarController.h; sourceTree = "<group>"; };
		E9EE87E91B5827D70068A510 /* DVCTabBarController.m */ = {isa = PBXFileReference; fileEncoding = 4; lastKnownFileType = sourcecode.c.objc; path = DVCTabBarController.m; sourceTree = "<group>"; };
/* End PBXFileReference section */

/* Begin PBXFrameworksBuildPhase section */
		1D9DF2321A6D580F000941ED /* Frameworks */ = {
			isa = PBXFrameworksBuildPhase;
			buildActionMask = 2147483647;
			files = (
				E90514471B4EE6B100584AC4 /* QuartzCore.framework in Frameworks */,
				E90514451B4EE6A200584AC4 /* OpenGLES.framework in Frameworks */,
				E90514431B4EE68D00584AC4 /* CoreGraphics.framework in Frameworks */,
				E90514411B4EE67B00584AC4 /* CoreVideo.framework in Frameworks */,
				E905143F1B4EE67500584AC4 /* CoreMedia.framework in Frameworks */,
				E905143D1B4EE66F00584AC4 /* CoreAudio.framework in Frameworks */,
				E905143B1B4EE65500584AC4 /* AVFoundation.framework in Frameworks */,
				E90514391B4EE64400584AC4 /* AudioToolbox.framework in Frameworks */,
				E90514371B4EE63000584AC4 /* libstdc++.6.dylib in Frameworks */,
				E9BA9C811B45AA3B0078A35E /* GLKit.framework in Frameworks */,
				E9BA9C7F1B45AA2A0078A35E /* libxml2.dylib in Frameworks */,
				E9BA9C7D1B45AA170078A35E /* libresolv.dylib in Frameworks */,
				E9BA9C7B1B45AA0A0078A35E /* libsqlite3.dylib in Frameworks */,
				E9BA9C791B45A9FC0078A35E /* libc++.dylib in Frameworks */,
				E96226D51B1FBDDC00BF584B /* libz.dylib in Frameworks */,
				963AF21E1B0D3B3A0018B4FE /* CoreLocation.framework in Frameworks */,
				96D347781B2B69160090CDFF /* libARSAL.framework in Frameworks */,
				96245C061AD3741500A3C03B /* VideoToolbox.framework in Frameworks */,
				96DD80201ABC8A5D00646F7D /* CFNetwork.framework in Frameworks */,
				96DD801E1ABC8A5400646F7D /* MobileCoreServices.framework in Frameworks */,
				96DD801C1ABC8A4A00646F7D /* SystemConfiguration.framework in Frameworks */,
				96D347A11B2B74DA0090CDFF /* libcurl.framework in Frameworks */,
				96D347791B2B69160090CDFF /* libARStream.framework in Frameworks */,
				96DD801A1ABC8A3F00646F7D /* Security.framework in Frameworks */,
				96D347741B2B69160090CDFF /* libARDataTransfer.framework in Frameworks */,
				96D347761B2B69160090CDFF /* libARNetwork.framework in Frameworks */,
				96DD80181ABC8A3400646F7D /* libicucore.dylib in Frameworks */,
				96D3477A1B2B69160090CDFF /* libARUtils.framework in Frameworks */,
				96D347771B2B69160090CDFF /* libARNetworkAL.framework in Frameworks */,
				96D347751B2B69160090CDFF /* libARDiscovery.framework in Frameworks */,
				E90514351B4EE5B900584AC4 /* libWebRTC.a in Frameworks */,
				96D347731B2B69160090CDFF /* libARCommands.framework in Frameworks */,
			);
			runOnlyForDeploymentPostprocessing = 0;
		};
/* End PBXFrameworksBuildPhase section */

/* Begin PBXGroup section */
		1D9DF22C1A6D580F000941ED = {
			isa = PBXGroup;
			children = (
				968B41941B308EA800B3EE71 /* DVC-MobileClient-iOS */,
				1D9DF26B1A6D62CB000941ED /* Frameworks */,
				E96226AB1B18DAE600BF584B /* ikalman */,
				E90514021B4EE5B900584AC4 /* Peer */,
				1D9DF2361A6D580F000941ED /* Products */,
				E9BA9C571B45A6BB0078A35E /* SocketIOClientSwift */,
			);
			sourceTree = "<group>";
		};
		1D9DF2361A6D580F000941ED /* Products */ = {
			isa = PBXGroup;
			children = (
				1D9DF2351A6D580F000941ED /* DVC.app */,
			);
			name = Products;
			sourceTree = "<group>";
		};
		1D9DF26B1A6D62CB000941ED /* Frameworks */ = {
			isa = PBXGroup;
			children = (
				E90514381B4EE64400584AC4 /* AudioToolbox.framework */,
				E905143A1B4EE65500584AC4 /* AVFoundation.framework */,
				96DD801F1ABC8A5D00646F7D /* CFNetwork.framework */,
				E905143C1B4EE66E00584AC4 /* CoreAudio.framework */,
				E90514421B4EE68D00584AC4 /* CoreGraphics.framework */,
				963AF21D1B0D3B3A0018B4FE /* CoreLocation.framework */,
				E905143E1B4EE67500584AC4 /* CoreMedia.framework */,
				E90514401B4EE67B00584AC4 /* CoreVideo.framework */,
				E9BA9C801B45AA3B0078A35E /* GLKit.framework */,
				96D3476A1B2B69160090CDFF /* libARCommands.framework */,
				96D3476B1B2B69160090CDFF /* libARDataTransfer.framework */,
				96D3476C1B2B69160090CDFF /* libARDiscovery.framework */,
				96D3476D1B2B69160090CDFF /* libARNetwork.framework */,
				96D3476E1B2B69160090CDFF /* libARNetworkAL.framework */,
				96D3476F1B2B69160090CDFF /* libARSAL.framework */,
				96D347701B2B69160090CDFF /* libARStream.framework */,
				96D347711B2B69160090CDFF /* libARUtils.framework */,
				E9BA9C781B45A9FC0078A35E /* libc++.dylib */,
				96D347A01B2B74DA0090CDFF /* libcurl.framework */,
				96DD80171ABC8A3300646F7D /* libicucore.dylib */,
				E9BA9C7C1B45AA170078A35E /* libresolv.dylib */,
				E9BA9C7A1B45AA0A0078A35E /* libsqlite3.dylib */,
				E90514361B4EE63000584AC4 /* libstdc++.6.dylib */,
				E9BA9C7E1B45AA2A0078A35E /* libxml2.dylib */,
				E96226D41B1FBDDC00BF584B /* libz.dylib */,
				96DD801D1ABC8A5400646F7D /* MobileCoreServices.framework */,
				E90514441B4EE6A200584AC4 /* OpenGLES.framework */,
				E90514461B4EE6B100584AC4 /* QuartzCore.framework */,
				96DD80191ABC8A3F00646F7D /* Security.framework */,
				96DD801B1ABC8A4A00646F7D /* SystemConfiguration.framework */,
				96245C051AD3741500A3C03B /* VideoToolbox.framework */,
			);
			name = Frameworks;
			sourceTree = "<group>";
		};
		968B41941B308EA800B3EE71 /* DVC-MobileClient-iOS */ = {
			isa = PBXGroup;
			children = (
				968B41951B308EA800B3EE71 /* AppDelegate.h */,
				968B41961B308EA800B3EE71 /* AppDelegate.m */,
				968B41971B308EA800B3EE71 /* DeviceController.h */,
				968B41981B308EA800B3EE71 /* DeviceController.m */,
				968B41991B308EA800B3EE71 /* DroneVideoView.h */,
				968B419A1B308EA800B3EE71 /* DroneVideoView.m */,
				E9EE87E51B5704E10068A510 /* DroneVideoViewController.h */,
				E9EE87E61B5704E10068A510 /* DroneVideoViewController.m */,
				968B419B1B308EA800B3EE71 /* Images.xcassets */,
				968B419C1B308EA800B3EE71 /* Info.plist */,
				968B419D1B308EA800B3EE71 /* LaunchScreen.xib */,
				968B419E1B308EA800B3EE71 /* main.m */,
				968B419F1B308EA800B3EE71 /* Main.storyboard */,
				968B41A01B308EA800B3EE71 /* MainViewController.h */,
				968B41A11B308EA800B3EE71 /* MainViewController.m */,
				E9A61AE21B4A37C400CA142B /* VideoChatViewController.h */,
				E9A61AE31B4A37C400CA142B /* VideoChatViewController.m */,
				E9EE87E81B5827D70068A510 /* DVCTabBarController.h */,
				E9EE87E91B5827D70068A510 /* DVCTabBarController.m */,
				E9C38AB21B5D684A00C8727B /* Utility.h */,
				E9C38AB31B5D684A00C8727B /* Utility.m */,
			);
			path = "DVC-MobileClient-iOS";
			sourceTree = "<group>";
		};
		E90514021B4EE5B900584AC4 /* Peer */ = {
			isa = PBXGroup;
			children = (
				E90514031B4EE5B900584AC4 /* ARDSignalingMessage.h */,
				E90514041B4EE5B900584AC4 /* ARDSignalingMessage.m */,
				E90514051B4EE5B900584AC4 /* ARDUtilities.h */,
				E90514061B4EE5B900584AC4 /* ARDUtilities.m */,
				E90514071B4EE5B900584AC4 /* Peer.h */,
				E90514081B4EE5B900584AC4 /* Peer.m */,
				E90514091B4EE5B900584AC4 /* RTCICECandidate+JSON.h */,
				E905140A1B4EE5B900584AC4 /* RTCICECandidate+JSON.m */,
				E905140B1B4EE5B900584AC4 /* RTCSessionDescription+JSON.h */,
				E905140C1B4EE5B900584AC4 /* RTCSessionDescription+JSON.m */,
				E905140D1B4EE5B900584AC4 /* third_party */,
				E90514121B4EE5B900584AC4 /* WebRTC */,
			);
			path = Peer;
			sourceTree = "<group>";
		};
		E905140D1B4EE5B900584AC4 /* third_party */ = {
			isa = PBXGroup;
			children = (
				E905140E1B4EE5B900584AC4 /* SocketRocket */,
			);
			path = third_party;
			sourceTree = "<group>";
		};
		E905140E1B4EE5B900584AC4 /* SocketRocket */ = {
			isa = PBXGroup;
			children = (
				E905140F1B4EE5B900584AC4 /* LICENSE */,
				E90514101B4EE5B900584AC4 /* SRWebSocket.h */,
				E90514111B4EE5B900584AC4 /* SRWebSocket.m */,
			);
			path = SocketRocket;
			sourceTree = "<group>";
		};
		E90514121B4EE5B900584AC4 /* WebRTC */ = {
			isa = PBXGroup;
			children = (
				E90514131B4EE5B900584AC4 /* libWebRTC.a */,
				E90514141B4EE5B900584AC4 /* RTCAudioSource.h */,
				E90514151B4EE5B900584AC4 /* RTCAudioTrack.h */,
				E90514161B4EE5B900584AC4 /* RTCDataChannel.h */,
				E90514171B4EE5B900584AC4 /* RTCEAGLVideoView.h */,
				E90514181B4EE5B900584AC4 /* RTCI420Frame.h */,
				E90514191B4EE5B900584AC4 /* RTCICECandidate.h */,
				E905141A1B4EE5B900584AC4 /* RTCICEServer.h */,
				E905141B1B4EE5B900584AC4 /* RTCMediaConstraints.h */,
				E905141C1B4EE5B900584AC4 /* RTCMediaSource.h */,
				E905141D1B4EE5B900584AC4 /* RTCMediaStream.h */,
				E905141E1B4EE5B900584AC4 /* RTCMediaStreamTrack.h */,
				E905141F1B4EE5B900584AC4 /* RTCNSGLVideoView.h */,
				E90514201B4EE5B900584AC4 /* RTCOpenGLVideoRenderer.h */,
				E90514211B4EE5B900584AC4 /* RTCPair.h */,
				E90514221B4EE5B900584AC4 /* RTCPeerConnection.h */,
				E90514231B4EE5B900584AC4 /* RTCPeerConnectionDelegate.h */,
				E90514241B4EE5B900584AC4 /* RTCPeerConnectionFactory.h */,
				E90514251B4EE5B900584AC4 /* RTCSessionDescription.h */,
				E90514261B4EE5B900584AC4 /* RTCSessionDescriptionDelegate.h */,
				E90514271B4EE5B900584AC4 /* RTCStatsDelegate.h */,
				E90514281B4EE5B900584AC4 /* RTCStatsReport.h */,
				E90514291B4EE5B900584AC4 /* RTCTypes.h */,
				E905142A1B4EE5B900584AC4 /* RTCVideoCapturer.h */,
				E905142B1B4EE5B900584AC4 /* RTCVideoRenderer.h */,
				E905142C1B4EE5B900584AC4 /* RTCVideoSource.h */,
				E905142D1B4EE5B900584AC4 /* RTCVideoTrack.h */,
			);
			path = WebRTC;
			sourceTree = "<group>";
		};
		E96226AB1B18DAE600BF584B /* ikalman */ = {
			isa = PBXGroup;
			children = (
				E96226AC1B18DAE600BF584B /* gps.c */,
				E96226AD1B18DAE600BF584B /* gps.h */,
				E96226AF1B18DAE600BF584B /* kalman.c */,
				E96226B01B18DAE600BF584B /* kalman.h */,
				E96226B21B18DAE600BF584B /* LICENSE */,
				E96226B41B18DAE600BF584B /* matrix.c */,
				E96226B51B18DAE600BF584B /* matrix.h */,
				E96226B71B18DAE600BF584B /* README */,
			);
			path = ikalman;
			sourceTree = "<group>";
		};
		E9BA9C571B45A6BB0078A35E /* SocketIOClientSwift */ = {
			isa = PBXGroup;
			children = (
				E9BA9C581B45A6BB0078A35E /* SocketAckManager.swift */,
				E9BA9C591B45A6BB0078A35E /* SocketAnyEvent.swift */,
				E9BA9C5A1B45A6BB0078A35E /* SocketEngine.swift */,
				E9BA9C5B1B45A6BB0078A35E /* SocketEngineClient.swift */,
				E9BA9C5C1B45A6BB0078A35E /* SocketEventHandler.swift */,
				E9BA9C5D1B45A6BB0078A35E /* SocketFixUTF8.swift */,
				E9BA9C5E1B45A6BB0078A35E /* SocketIOClient.swift */,
				E9BA9C5F1B45A6BB0078A35E /* SocketLogger.swift */,
				E9BA9C601B45A6BB0078A35E /* SocketPacket.swift */,
				E9BA9C611B45A6BB0078A35E /* SocketParser.swift */,
				E9BA9C621B45A6BB0078A35E /* SocketTypes.swift */,
				E9BA9C631B45A6BB0078A35E /* SwiftRegex.swift */,
				E9BA9C641B45A6BB0078A35E /* WebSocket.swift */,
			);
			path = SocketIOClientSwift;
			sourceTree = "<group>";
		};
/* End PBXGroup section */

/* Begin PBXNativeTarget section */
		1D9DF2341A6D580F000941ED /* DVC-MobileClient-iOS */ = {
			isa = PBXNativeTarget;
			buildConfigurationList = 1D9DF2581A6D5810000941ED /* Build configuration list for PBXNativeTarget "DVC-MobileClient-iOS" */;
			buildPhases = (
				1D9DF2311A6D580F000941ED /* Sources */,
				1D9DF2321A6D580F000941ED /* Frameworks */,
				1D9DF2331A6D580F000941ED /* Resources */,
			);
			buildRules = (
			);
			dependencies = (
			);
			name = "DVC-MobileClient-iOS";
			productName = RollingSpiderPiloting;
			productReference = 1D9DF2351A6D580F000941ED /* DVC.app */;
			productType = "com.apple.product-type.application";
		};
/* End PBXNativeTarget section */

/* Begin PBXProject section */
		1D9DF22D1A6D580F000941ED /* Project object */ = {
			isa = PBXProject;
			attributes = {
				LastUpgradeCheck = 0630;
				ORGANIZATIONNAME = Parrot;
				TargetAttributes = {
					1D9DF2341A6D580F000941ED = {
						CreatedOnToolsVersion = 6.1.1;
					};
				};
			};
			buildConfigurationList = 1D9DF2301A6D580F000941ED /* Build configuration list for PBXProject "DVC-MobileClient-iOS" */;
			compatibilityVersion = "Xcode 3.2";
			developmentRegion = English;
			hasScannedForEncodings = 0;
			knownRegions = (
				en,
				Base,
			);
			mainGroup = 1D9DF22C1A6D580F000941ED;
			productRefGroup = 1D9DF2361A6D580F000941ED /* Products */;
			projectDirPath = "";
			projectRoot = "";
			targets = (
				1D9DF2341A6D580F000941ED /* DVC-MobileClient-iOS */,
			);
		};
/* End PBXProject section */

/* Begin PBXResourcesBuildPhase section */
		1D9DF2331A6D580F000941ED /* Resources */ = {
			isa = PBXResourcesBuildPhase;
			buildActionMask = 2147483647;
			files = (
				E90514331B4EE5B900584AC4 /* LICENSE in Resources */,
				968B41AD1B308EA800B3EE71 /* LaunchScreen.xib in Resources */,
				968B41AB1B308EA800B3EE71 /* Images.xcassets in Resources */,
				968B41AF1B308EA800B3EE71 /* Main.storyboard in Resources */,
				E96226C21B18DAE600BF584B /* README in Resources */,
				E96226BE1B18DAE600BF584B /* LICENSE in Resources */,
			);
			runOnlyForDeploymentPostprocessing = 0;
		};
/* End PBXResourcesBuildPhase section */

/* Begin PBXSourcesBuildPhase section */
		1D9DF2311A6D580F000941ED /* Sources */ = {
			isa = PBXSourcesBuildPhase;
			buildActionMask = 2147483647;
			files = (
				E9BA9C651B45A6BB0078A35E /* SocketAckManager.swift in Sources */,
				E9BA9C711B45A6BB0078A35E /* WebSocket.swift in Sources */,
				968B41A91B308EA800B3EE71 /* DeviceController.m in Sources */,
				E9BA9C6F1B45A6BB0078A35E /* SocketTypes.swift in Sources */,
				E90514301B4EE5B900584AC4 /* Peer.m in Sources */,
				E9BA9C661B45A6BB0078A35E /* SocketAnyEvent.swift in Sources */,
				E905142F1B4EE5B900584AC4 /* ARDUtilities.m in Sources */,
				E96226BA1B18DAE600BF584B /* gps.c in Sources */,
				968B41B01B308EA800B3EE71 /* MainViewController.m in Sources */,
				E96226C01B18DAE600BF584B /* matrix.c in Sources */,
				968B41AE1B308EA800B3EE71 /* main.m in Sources */,
				E90514341B4EE5B900584AC4 /* SRWebSocket.m in Sources */,
				E9C38AB41B5D684A00C8727B /* Utility.m in Sources */,
				E9BA9C6B1B45A6BB0078A35E /* SocketIOClient.swift in Sources */,
				E9BA9C6D1B45A6BB0078A35E /* SocketPacket.swift in Sources */,
				E9BA9C701B45A6BB0078A35E /* SwiftRegex.swift in Sources */,
				E96226BC1B18DAE600BF584B /* kalman.c in Sources */,
				E90514311B4EE5B900584AC4 /* RTCICECandidate+JSON.m in Sources */,
				E90514321B4EE5B900584AC4 /* RTCSessionDescription+JSON.m in Sources */,
				E905142E1B4EE5B900584AC4 /* ARDSignalingMessage.m in Sources */,
				E9BA9C671B45A6BB0078A35E /* SocketEngine.swift in Sources */,
				E9BA9C691B45A6BB0078A35E /* SocketEventHandler.swift in Sources */,
				968B41AA1B308EA800B3EE71 /* DroneVideoView.m in Sources */,
				E9A61AE41B4A37C400CA142B /* VideoChatViewController.m in Sources */,
				E9BA9C681B45A6BB0078A35E /* SocketEngineClient.swift in Sources */,
				E9BA9C6E1B45A6BB0078A35E /* SocketParser.swift in Sources */,
				E9BA9C6C1B45A6BB0078A35E /* SocketLogger.swift in Sources */,
				E9EE87E71B5704E10068A510 /* DroneVideoViewController.m in Sources */,
				E9EE87EA1B5827D70068A510 /* DVCTabBarController.m in Sources */,
				968B41A81B308EA800B3EE71 /* AppDelegate.m in Sources */,
				E9BA9C6A1B45A6BB0078A35E /* SocketFixUTF8.swift in Sources */,
			);
			runOnlyForDeploymentPostprocessing = 0;
		};
/* End PBXSourcesBuildPhase section */

/* Begin XCBuildConfiguration section */
		1D9DF2561A6D5810000941ED /* Debug */ = {
			isa = XCBuildConfiguration;
			buildSettings = {
				ALWAYS_SEARCH_USER_PATHS = NO;
				CLANG_CXX_LANGUAGE_STANDARD = "gnu++0x";
				CLANG_CXX_LIBRARY = "libc++";
				CLANG_ENABLE_MODULES = YES;
				CLANG_ENABLE_OBJC_ARC = YES;
				CLANG_WARN_BOOL_CONVERSION = YES;
				CLANG_WARN_CONSTANT_CONVERSION = YES;
				CLANG_WARN_DIRECT_OBJC_ISA_USAGE = YES_ERROR;
				CLANG_WARN_EMPTY_BODY = YES;
				CLANG_WARN_ENUM_CONVERSION = YES;
				CLANG_WARN_INT_CONVERSION = YES;
				CLANG_WARN_OBJC_ROOT_CLASS = YES_ERROR;
				CLANG_WARN_UNREACHABLE_CODE = YES;
				CLANG_WARN__DUPLICATE_METHOD_MATCH = YES;
				"CODE_SIGN_IDENTITY[sdk=iphoneos*]" = "iPhone Developer";
				COPY_PHASE_STRIP = NO;
				ENABLE_STRICT_OBJC_MSGSEND = YES;
				GCC_C_LANGUAGE_STANDARD = gnu99;
				GCC_DYNAMIC_NO_PIC = NO;
				GCC_OPTIMIZATION_LEVEL = 0;
				GCC_PREPROCESSOR_DEFINITIONS = (
					"DEBUG=1",
					"$(inherited)",
				);
				GCC_SYMBOLS_PRIVATE_EXTERN = NO;
				GCC_WARN_64_TO_32_BIT_CONVERSION = YES;
				GCC_WARN_ABOUT_RETURN_TYPE = YES_ERROR;
				GCC_WARN_UNDECLARED_SELECTOR = YES;
				GCC_WARN_UNINITIALIZED_AUTOS = YES_AGGRESSIVE;
				GCC_WARN_UNUSED_FUNCTION = YES;
				GCC_WARN_UNUSED_VARIABLE = YES;
				IPHONEOS_DEPLOYMENT_TARGET = 8.1;
				MTL_ENABLE_DEBUG_INFO = YES;
				ONLY_ACTIVE_ARCH = YES;
				SDKROOT = iphoneos;
				TARGETED_DEVICE_FAMILY = "1,2";
			};
			name = Debug;
		};
		1D9DF2571A6D5810000941ED /* Release */ = {
			isa = XCBuildConfiguration;
			buildSettings = {
				ALWAYS_SEARCH_USER_PATHS = NO;
				CLANG_CXX_LANGUAGE_STANDARD = "gnu++0x";
				CLANG_CXX_LIBRARY = "libc++";
				CLANG_ENABLE_MODULES = YES;
				CLANG_ENABLE_OBJC_ARC = YES;
				CLANG_WARN_BOOL_CONVERSION = YES;
				CLANG_WARN_CONSTANT_CONVERSION = YES;
				CLANG_WARN_DIRECT_OBJC_ISA_USAGE = YES_ERROR;
				CLANG_WARN_EMPTY_BODY = YES;
				CLANG_WARN_ENUM_CONVERSION = YES;
				CLANG_WARN_INT_CONVERSION = YES;
				CLANG_WARN_OBJC_ROOT_CLASS = YES_ERROR;
				CLANG_WARN_UNREACHABLE_CODE = YES;
				CLANG_WARN__DUPLICATE_METHOD_MATCH = YES;
				"CODE_SIGN_IDENTITY[sdk=iphoneos*]" = "iPhone Developer";
				COPY_PHASE_STRIP = YES;
				ENABLE_NS_ASSERTIONS = NO;
				ENABLE_STRICT_OBJC_MSGSEND = YES;
				GCC_C_LANGUAGE_STANDARD = gnu99;
				GCC_WARN_64_TO_32_BIT_CONVERSION = YES;
				GCC_WARN_ABOUT_RETURN_TYPE = YES_ERROR;
				GCC_WARN_UNDECLARED_SELECTOR = YES;
				GCC_WARN_UNINITIALIZED_AUTOS = YES_AGGRESSIVE;
				GCC_WARN_UNUSED_FUNCTION = YES;
				GCC_WARN_UNUSED_VARIABLE = YES;
				IPHONEOS_DEPLOYMENT_TARGET = 8.1;
				MTL_ENABLE_DEBUG_INFO = NO;
				SDKROOT = iphoneos;
				TARGETED_DEVICE_FAMILY = "1,2";
				VALIDATE_PRODUCT = YES;
			};
			name = Release;
		};
		1D9DF2591A6D5810000941ED /* Debug */ = {
			isa = XCBuildConfiguration;
			buildSettings = {
				ASSETCATALOG_COMPILER_APPICON_NAME = AppIcon;
				CODE_SIGN_IDENTITY = "iPhone Developer";
				"CODE_SIGN_IDENTITY[sdk=iphoneos*]" = "iPhone Developer";
				FRAMEWORK_SEARCH_PATHS = (
					"$(inherited)",
					"$(PROJECT_DIR)",
					"$(PROJECT_DIR)/ARDroneSDK3-Frameworks",
					/Users/bdgjones/Projects/ARDroneSDK3/ARSDKBuildUtils/Targets/iOS/Install/Frameworks,
					/Users/iLab/Projects/ARDroneSDK3/ARSDKBuildUtils/Targets/iOS/Install/Frameworks,
					"$(PROJECT_DIR)/QuickbloxWebRTC.framework-1.0.6",
					"$(PROJECT_DIR)/Quickblox",
				);
				INFOPLIST_FILE = "$(SRCROOT)/DVC-MobileClient-iOS/Info.plist";
				IPHONEOS_DEPLOYMENT_TARGET = 8.4;
				LD_RUNPATH_SEARCH_PATHS = "$(inherited) @executable_path/Frameworks";
				LIBRARY_SEARCH_PATHS = (
					"$(inherited)",
					"$(PROJECT_DIR)/Peer/WebRTC",
				);
				ONLY_ACTIVE_ARCH = NO;
				PRODUCT_NAME = DVC;
				PROVISIONING_PROFILE = "";
				TARGETED_DEVICE_FAMILY = "1,2";
				VALID_ARCHS = "armv7 armv7s";
			};
			name = Debug;
		};
		1D9DF25A1A6D5810000941ED /* Release */ = {
			isa = XCBuildConfiguration;
			buildSettings = {
				ASSETCATALOG_COMPILER_APPICON_NAME = AppIcon;
				CODE_SIGN_IDENTITY = "iPhone Developer";
				"CODE_SIGN_IDENTITY[sdk=iphoneos*]" = "iPhone Developer";
				FRAMEWORK_SEARCH_PATHS = (
					"$(inherited)",
					"$(PROJECT_DIR)",
					"$(PROJECT_DIR)/ARDroneSDK3-Frameworks",
					/Users/bdgjones/Projects/ARDroneSDK3/ARSDKBuildUtils/Targets/iOS/Install/Frameworks,
					/Users/iLab/Projects/ARDroneSDK3/ARSDKBuildUtils/Targets/iOS/Install/Frameworks,
					"$(PROJECT_DIR)/QuickbloxWebRTC.framework-1.0.6",
					"$(PROJECT_DIR)/Quickblox",
				);
				INFOPLIST_FILE = "$(SRCROOT)/DVC-MobileClient-iOS/Info.plist";
				IPHONEOS_DEPLOYMENT_TARGET = 8.4;
				LD_RUNPATH_SEARCH_PATHS = "$(inherited) @executable_path/Frameworks";
				LIBRARY_SEARCH_PATHS = (
					"$(inherited)",
					"$(PROJECT_DIR)/Peer/WebRTC",
				);
				PRODUCT_NAME = DVC;
				PROVISIONING_PROFILE = "";
				TARGETED_DEVICE_FAMILY = "1,2";
				VALID_ARCHS = "armv7 armv7s";
			};
			name = Release;
		};
/* End XCBuildConfiguration section */

/* Begin XCConfigurationList section */
		1D9DF2301A6D580F000941ED /* Build configuration list for PBXProject "DVC-MobileClient-iOS" */ = {
			isa = XCConfigurationList;
			buildConfigurations = (
				1D9DF2561A6D5810000941ED /* Debug */,
				1D9DF2571A6D5810000941ED /* Release */,
			);
			defaultConfigurationIsVisible = 0;
			defaultConfigurationName = Release;
		};
		1D9DF2581A6D5810000941ED /* Build configuration list for PBXNativeTarget "DVC-MobileClient-iOS" */ = {
			isa = XCConfigurationList;
			buildConfigurations = (
				1D9DF2591A6D5810000941ED /* Debug */,
				1D9DF25A1A6D5810000941ED /* Release */,
			);
			defaultConfigurationIsVisible = 0;
			defaultConfigurationName = Release;
		};
/* End XCConfigurationList section */
	};
	rootObject = 1D9DF22D1A6D580F000941ED /* Project object */;
}
