// !$*UTF8*$!
{
	archiveVersion = 1;
	classes = {
	};
	objectVersion = 46;
	objects = {

/* Begin PBXBuildFile section */
		962B51E91AB3780700EFCBFE /* libARCommands.framework in Frameworks */ = {isa = PBXBuildFile; fileRef = 962B51E31AB3780700EFCBFE /* libARCommands.framework */; };
		962B51EA1AB3780700EFCBFE /* libARDiscovery.framework in Frameworks */ = {isa = PBXBuildFile; fileRef = 962B51E41AB3780700EFCBFE /* libARDiscovery.framework */; };
		962B51EB1AB3780700EFCBFE /* libARNetwork.framework in Frameworks */ = {isa = PBXBuildFile; fileRef = 962B51E51AB3780700EFCBFE /* libARNetwork.framework */; };
		962B51EC1AB3780700EFCBFE /* libARNetworkAL.framework in Frameworks */ = {isa = PBXBuildFile; fileRef = 962B51E61AB3780700EFCBFE /* libARNetworkAL.framework */; };
		962B51ED1AB3780700EFCBFE /* libARSAL.framework in Frameworks */ = {isa = PBXBuildFile; fileRef = 962B51E71AB3780700EFCBFE /* libARSAL.framework */; };
		962B51EE1AB3780700EFCBFE /* libARUtils.framework in Frameworks */ = {isa = PBXBuildFile; fileRef = 962B51E81AB3780700EFCBFE /* libARUtils.framework */; };
		9666B5EB1ACE023B000B5A2C /* DroneVideoView.m in Sources */ = {isa = PBXBuildFile; fileRef = 9666B5EA1ACE023B000B5A2C /* DroneVideoView.m */; };
		96D61E931AB4E99A00BCB1FA /* libARStream.framework in Frameworks */ = {isa = PBXBuildFile; fileRef = 96D61E921AB4E99A00BCB1FA /* libARStream.framework */; };
		96DD80051ABC86BF00646F7D /* SBJsonParser.m in Sources */ = {isa = PBXBuildFile; fileRef = 96DD7FDF1ABC86BF00646F7D /* SBJsonParser.m */; };
		96DD80061ABC86BF00646F7D /* SBJsonStreamParser.m in Sources */ = {isa = PBXBuildFile; fileRef = 96DD7FE11ABC86BF00646F7D /* SBJsonStreamParser.m */; };
		96DD80071ABC86BF00646F7D /* SBJsonStreamParserAccumulator.m in Sources */ = {isa = PBXBuildFile; fileRef = 96DD7FE31ABC86BF00646F7D /* SBJsonStreamParserAccumulator.m */; };
		96DD80081ABC86BF00646F7D /* SBJsonStreamParserAdapter.m in Sources */ = {isa = PBXBuildFile; fileRef = 96DD7FE51ABC86BF00646F7D /* SBJsonStreamParserAdapter.m */; };
		96DD80091ABC86BF00646F7D /* SBJsonStreamParserState.m in Sources */ = {isa = PBXBuildFile; fileRef = 96DD7FE71ABC86BF00646F7D /* SBJsonStreamParserState.m */; };
		96DD800A1ABC86BF00646F7D /* SBJsonStreamTokeniser.m in Sources */ = {isa = PBXBuildFile; fileRef = 96DD7FE91ABC86BF00646F7D /* SBJsonStreamTokeniser.m */; };
		96DD800B1ABC86BF00646F7D /* SBJsonStreamWriter.m in Sources */ = {isa = PBXBuildFile; fileRef = 96DD7FEB1ABC86BF00646F7D /* SBJsonStreamWriter.m */; };
		96DD800C1ABC86BF00646F7D /* SBJsonStreamWriterAccumulator.m in Sources */ = {isa = PBXBuildFile; fileRef = 96DD7FED1ABC86BF00646F7D /* SBJsonStreamWriterAccumulator.m */; };
		96DD800D1ABC86BF00646F7D /* SBJsonStreamWriterState.m in Sources */ = {isa = PBXBuildFile; fileRef = 96DD7FEF1ABC86BF00646F7D /* SBJsonStreamWriterState.m */; };
		96DD800E1ABC86BF00646F7D /* SBJsonWriter.m in Sources */ = {isa = PBXBuildFile; fileRef = 96DD7FF11ABC86BF00646F7D /* SBJsonWriter.m */; };
		96DD800F1ABC86BF00646F7D /* SocketIO.m in Sources */ = {isa = PBXBuildFile; fileRef = 96DD7FF31ABC86BF00646F7D /* SocketIO.m */; };
		96DD80101ABC86BF00646F7D /* SocketIOJSONSerialization.m in Sources */ = {isa = PBXBuildFile; fileRef = 96DD7FF51ABC86BF00646F7D /* SocketIOJSONSerialization.m */; };
		96DD80111ABC86BF00646F7D /* SocketIOPacket.m in Sources */ = {isa = PBXBuildFile; fileRef = 96DD7FF71ABC86BF00646F7D /* SocketIOPacket.m */; };
		96DD80121ABC86BF00646F7D /* SocketIOTransportWebsocket.m in Sources */ = {isa = PBXBuildFile; fileRef = 96DD7FFA1ABC86BF00646F7D /* SocketIOTransportWebsocket.m */; };
		96DD80131ABC86BF00646F7D /* SocketIOTransportXHR.m in Sources */ = {isa = PBXBuildFile; fileRef = 96DD7FFC1ABC86BF00646F7D /* SocketIOTransportXHR.m */; };
		96DD80141ABC86BF00646F7D /* base64.c in Sources */ = {isa = PBXBuildFile; fileRef = 96DD7FFE1ABC86BF00646F7D /* base64.c */; };
		96DD80151ABC86BF00646F7D /* NSData+SRB64Additions.m in Sources */ = {isa = PBXBuildFile; fileRef = 96DD80011ABC86BF00646F7D /* NSData+SRB64Additions.m */; };
		96DD80161ABC86BF00646F7D /* SRWebSocket.m in Sources */ = {isa = PBXBuildFile; fileRef = 96DD80041ABC86BF00646F7D /* SRWebSocket.m */; };
		96DD80181ABC8A3400646F7D /* libicucore.dylib in Frameworks */ = {isa = PBXBuildFile; fileRef = 96DD80171ABC8A3300646F7D /* libicucore.dylib */; };
		96DD801A1ABC8A3F00646F7D /* Security.framework in Frameworks */ = {isa = PBXBuildFile; fileRef = 96DD80191ABC8A3F00646F7D /* Security.framework */; };
		96DD801C1ABC8A4A00646F7D /* SystemConfiguration.framework in Frameworks */ = {isa = PBXBuildFile; fileRef = 96DD801B1ABC8A4A00646F7D /* SystemConfiguration.framework */; };
		96DD801E1ABC8A5400646F7D /* MobileCoreServices.framework in Frameworks */ = {isa = PBXBuildFile; fileRef = 96DD801D1ABC8A5400646F7D /* MobileCoreServices.framework */; };
		96DD80201ABC8A5D00646F7D /* CFNetwork.framework in Frameworks */ = {isa = PBXBuildFile; fileRef = 96DD801F1ABC8A5D00646F7D /* CFNetwork.framework */; };
		F80F5EBF1AB2F8670002B2C6 /* AppDelegate.m in Sources */ = {isa = PBXBuildFile; fileRef = F80F5EB21AB2F8670002B2C6 /* AppDelegate.m */; };
		F80F5EC01AB2F8670002B2C6 /* DeviceController.m in Sources */ = {isa = PBXBuildFile; fileRef = F80F5EB51AB2F8670002B2C6 /* DeviceController.m */; };
		F80F5EC11AB2F8670002B2C6 /* Images.xcassets in Resources */ = {isa = PBXBuildFile; fileRef = F80F5EB61AB2F8670002B2C6 /* Images.xcassets */; };
		F80F5EC21AB2F8670002B2C6 /* Info.plist in Resources */ = {isa = PBXBuildFile; fileRef = F80F5EB71AB2F8670002B2C6 /* Info.plist */; };
		F80F5EC31AB2F8670002B2C6 /* LaunchScreen.xib in Resources */ = {isa = PBXBuildFile; fileRef = F80F5EB81AB2F8670002B2C6 /* LaunchScreen.xib */; };
		F80F5EC41AB2F8670002B2C6 /* main.m in Sources */ = {isa = PBXBuildFile; fileRef = F80F5EB91AB2F8670002B2C6 /* main.m */; };
		F80F5EC51AB2F8670002B2C6 /* Main.storyboard in Resources */ = {isa = PBXBuildFile; fileRef = F80F5EBA1AB2F8670002B2C6 /* Main.storyboard */; };
		F80F5EC61AB2F8670002B2C6 /* PilotingViewController.m in Sources */ = {isa = PBXBuildFile; fileRef = F80F5EBC1AB2F8670002B2C6 /* PilotingViewController.m */; };
		F80F5EC71AB2F8670002B2C6 /* ViewController.m in Sources */ = {isa = PBXBuildFile; fileRef = F80F5EBE1AB2F8670002B2C6 /* ViewController.m */; };
/* End PBXBuildFile section */

/* Begin PBXFileReference section */
		1D9DF2351A6D580F000941ED /* BebopDronePiloting.app */ = {isa = PBXFileReference; explicitFileType = wrapper.application; includeInIndex = 0; path = BebopDronePiloting.app; sourceTree = BUILT_PRODUCTS_DIR; };
		962B51E31AB3780700EFCBFE /* libARCommands.framework */ = {isa = PBXFileReference; lastKnownFileType = wrapper.framework; name = libARCommands.framework; path = ../../ARDroneSDK3/ARSDKBuildUtils/Targets/iOS/Install/Frameworks/libARCommands.framework; sourceTree = "<group>"; };
		962B51E41AB3780700EFCBFE /* libARDiscovery.framework */ = {isa = PBXFileReference; lastKnownFileType = wrapper.framework; name = libARDiscovery.framework; path = ../../ARDroneSDK3/ARSDKBuildUtils/Targets/iOS/Install/Frameworks/libARDiscovery.framework; sourceTree = "<group>"; };
		962B51E51AB3780700EFCBFE /* libARNetwork.framework */ = {isa = PBXFileReference; lastKnownFileType = wrapper.framework; name = libARNetwork.framework; path = ../../ARDroneSDK3/ARSDKBuildUtils/Targets/iOS/Install/Frameworks/libARNetwork.framework; sourceTree = "<group>"; };
		962B51E61AB3780700EFCBFE /* libARNetworkAL.framework */ = {isa = PBXFileReference; lastKnownFileType = wrapper.framework; name = libARNetworkAL.framework; path = ../../ARDroneSDK3/ARSDKBuildUtils/Targets/iOS/Install/Frameworks/libARNetworkAL.framework; sourceTree = "<group>"; };
		962B51E71AB3780700EFCBFE /* libARSAL.framework */ = {isa = PBXFileReference; lastKnownFileType = wrapper.framework; name = libARSAL.framework; path = ../../ARDroneSDK3/ARSDKBuildUtils/Targets/iOS/Install/Frameworks/libARSAL.framework; sourceTree = "<group>"; };
		962B51E81AB3780700EFCBFE /* libARUtils.framework */ = {isa = PBXFileReference; lastKnownFileType = wrapper.framework; name = libARUtils.framework; path = ../../ARDroneSDK3/ARSDKBuildUtils/Targets/iOS/Install/Frameworks/libARUtils.framework; sourceTree = "<group>"; };
		9666B5E91ACE023B000B5A2C /* DroneVideoView.h */ = {isa = PBXFileReference; fileEncoding = 4; lastKnownFileType = sourcecode.c.h; path = DroneVideoView.h; sourceTree = SOURCE_ROOT; };
		9666B5EA1ACE023B000B5A2C /* DroneVideoView.m */ = {isa = PBXFileReference; fileEncoding = 4; lastKnownFileType = sourcecode.c.objc; path = DroneVideoView.m; sourceTree = SOURCE_ROOT; };
		96D61E921AB4E99A00BCB1FA /* libARStream.framework */ = {isa = PBXFileReference; lastKnownFileType = wrapper.framework; name = libARStream.framework; path = ../../ARDroneSDK3/ARSDKBuildUtils/Targets/iOS/Install/Frameworks/libARStream.framework; sourceTree = "<group>"; };
		96DD7FDD1ABC86BF00646F7D /* SBJson.h */ = {isa = PBXFileReference; fileEncoding = 4; lastKnownFileType = sourcecode.c.h; path = SBJson.h; sourceTree = "<group>"; };
		96DD7FDE1ABC86BF00646F7D /* SBJsonParser.h */ = {isa = PBXFileReference; fileEncoding = 4; lastKnownFileType = sourcecode.c.h; path = SBJsonParser.h; sourceTree = "<group>"; };
		96DD7FDF1ABC86BF00646F7D /* SBJsonParser.m */ = {isa = PBXFileReference; fileEncoding = 4; lastKnownFileType = sourcecode.c.objc; path = SBJsonParser.m; sourceTree = "<group>"; };
		96DD7FE01ABC86BF00646F7D /* SBJsonStreamParser.h */ = {isa = PBXFileReference; fileEncoding = 4; lastKnownFileType = sourcecode.c.h; path = SBJsonStreamParser.h; sourceTree = "<group>"; };
		96DD7FE11ABC86BF00646F7D /* SBJsonStreamParser.m */ = {isa = PBXFileReference; fileEncoding = 4; lastKnownFileType = sourcecode.c.objc; path = SBJsonStreamParser.m; sourceTree = "<group>"; };
		96DD7FE21ABC86BF00646F7D /* SBJsonStreamParserAccumulator.h */ = {isa = PBXFileReference; fileEncoding = 4; lastKnownFileType = sourcecode.c.h; path = SBJsonStreamParserAccumulator.h; sourceTree = "<group>"; };
		96DD7FE31ABC86BF00646F7D /* SBJsonStreamParserAccumulator.m */ = {isa = PBXFileReference; fileEncoding = 4; lastKnownFileType = sourcecode.c.objc; path = SBJsonStreamParserAccumulator.m; sourceTree = "<group>"; };
		96DD7FE41ABC86BF00646F7D /* SBJsonStreamParserAdapter.h */ = {isa = PBXFileReference; fileEncoding = 4; lastKnownFileType = sourcecode.c.h; path = SBJsonStreamParserAdapter.h; sourceTree = "<group>"; };
		96DD7FE51ABC86BF00646F7D /* SBJsonStreamParserAdapter.m */ = {isa = PBXFileReference; fileEncoding = 4; lastKnownFileType = sourcecode.c.objc; path = SBJsonStreamParserAdapter.m; sourceTree = "<group>"; };
		96DD7FE61ABC86BF00646F7D /* SBJsonStreamParserState.h */ = {isa = PBXFileReference; fileEncoding = 4; lastKnownFileType = sourcecode.c.h; path = SBJsonStreamParserState.h; sourceTree = "<group>"; };
		96DD7FE71ABC86BF00646F7D /* SBJsonStreamParserState.m */ = {isa = PBXFileReference; fileEncoding = 4; lastKnownFileType = sourcecode.c.objc; path = SBJsonStreamParserState.m; sourceTree = "<group>"; };
		96DD7FE81ABC86BF00646F7D /* SBJsonStreamTokeniser.h */ = {isa = PBXFileReference; fileEncoding = 4; lastKnownFileType = sourcecode.c.h; path = SBJsonStreamTokeniser.h; sourceTree = "<group>"; };
		96DD7FE91ABC86BF00646F7D /* SBJsonStreamTokeniser.m */ = {isa = PBXFileReference; fileEncoding = 4; lastKnownFileType = sourcecode.c.objc; path = SBJsonStreamTokeniser.m; sourceTree = "<group>"; };
		96DD7FEA1ABC86BF00646F7D /* SBJsonStreamWriter.h */ = {isa = PBXFileReference; fileEncoding = 4; lastKnownFileType = sourcecode.c.h; path = SBJsonStreamWriter.h; sourceTree = "<group>"; };
		96DD7FEB1ABC86BF00646F7D /* SBJsonStreamWriter.m */ = {isa = PBXFileReference; fileEncoding = 4; lastKnownFileType = sourcecode.c.objc; path = SBJsonStreamWriter.m; sourceTree = "<group>"; };
		96DD7FEC1ABC86BF00646F7D /* SBJsonStreamWriterAccumulator.h */ = {isa = PBXFileReference; fileEncoding = 4; lastKnownFileType = sourcecode.c.h; path = SBJsonStreamWriterAccumulator.h; sourceTree = "<group>"; };
		96DD7FED1ABC86BF00646F7D /* SBJsonStreamWriterAccumulator.m */ = {isa = PBXFileReference; fileEncoding = 4; lastKnownFileType = sourcecode.c.objc; path = SBJsonStreamWriterAccumulator.m; sourceTree = "<group>"; };
		96DD7FEE1ABC86BF00646F7D /* SBJsonStreamWriterState.h */ = {isa = PBXFileReference; fileEncoding = 4; lastKnownFileType = sourcecode.c.h; path = SBJsonStreamWriterState.h; sourceTree = "<group>"; };
		96DD7FEF1ABC86BF00646F7D /* SBJsonStreamWriterState.m */ = {isa = PBXFileReference; fileEncoding = 4; lastKnownFileType = sourcecode.c.objc; path = SBJsonStreamWriterState.m; sourceTree = "<group>"; };
		96DD7FF01ABC86BF00646F7D /* SBJsonWriter.h */ = {isa = PBXFileReference; fileEncoding = 4; lastKnownFileType = sourcecode.c.h; path = SBJsonWriter.h; sourceTree = "<group>"; };
		96DD7FF11ABC86BF00646F7D /* SBJsonWriter.m */ = {isa = PBXFileReference; fileEncoding = 4; lastKnownFileType = sourcecode.c.objc; path = SBJsonWriter.m; sourceTree = "<group>"; };
		96DD7FF21ABC86BF00646F7D /* SocketIO.h */ = {isa = PBXFileReference; fileEncoding = 4; lastKnownFileType = sourcecode.c.h; path = SocketIO.h; sourceTree = "<group>"; };
		96DD7FF31ABC86BF00646F7D /* SocketIO.m */ = {isa = PBXFileReference; fileEncoding = 4; lastKnownFileType = sourcecode.c.objc; path = SocketIO.m; sourceTree = "<group>"; };
		96DD7FF41ABC86BF00646F7D /* SocketIOJSONSerialization.h */ = {isa = PBXFileReference; fileEncoding = 4; lastKnownFileType = sourcecode.c.h; path = SocketIOJSONSerialization.h; sourceTree = "<group>"; };
		96DD7FF51ABC86BF00646F7D /* SocketIOJSONSerialization.m */ = {isa = PBXFileReference; fileEncoding = 4; lastKnownFileType = sourcecode.c.objc; path = SocketIOJSONSerialization.m; sourceTree = "<group>"; };
		96DD7FF61ABC86BF00646F7D /* SocketIOPacket.h */ = {isa = PBXFileReference; fileEncoding = 4; lastKnownFileType = sourcecode.c.h; path = SocketIOPacket.h; sourceTree = "<group>"; };
		96DD7FF71ABC86BF00646F7D /* SocketIOPacket.m */ = {isa = PBXFileReference; fileEncoding = 4; lastKnownFileType = sourcecode.c.objc; path = SocketIOPacket.m; sourceTree = "<group>"; };
		96DD7FF81ABC86BF00646F7D /* SocketIOTransport.h */ = {isa = PBXFileReference; fileEncoding = 4; lastKnownFileType = sourcecode.c.h; path = SocketIOTransport.h; sourceTree = "<group>"; };
		96DD7FF91ABC86BF00646F7D /* SocketIOTransportWebsocket.h */ = {isa = PBXFileReference; fileEncoding = 4; lastKnownFileType = sourcecode.c.h; path = SocketIOTransportWebsocket.h; sourceTree = "<group>"; };
		96DD7FFA1ABC86BF00646F7D /* SocketIOTransportWebsocket.m */ = {isa = PBXFileReference; fileEncoding = 4; lastKnownFileType = sourcecode.c.objc; path = SocketIOTransportWebsocket.m; sourceTree = "<group>"; };
		96DD7FFB1ABC86BF00646F7D /* SocketIOTransportXHR.h */ = {isa = PBXFileReference; fileEncoding = 4; lastKnownFileType = sourcecode.c.h; path = SocketIOTransportXHR.h; sourceTree = "<group>"; };
		96DD7FFC1ABC86BF00646F7D /* SocketIOTransportXHR.m */ = {isa = PBXFileReference; fileEncoding = 4; lastKnownFileType = sourcecode.c.objc; path = SocketIOTransportXHR.m; sourceTree = "<group>"; };
		96DD7FFE1ABC86BF00646F7D /* base64.c */ = {isa = PBXFileReference; fileEncoding = 4; lastKnownFileType = sourcecode.c.c; path = base64.c; sourceTree = "<group>"; };
		96DD7FFF1ABC86BF00646F7D /* base64.h */ = {isa = PBXFileReference; fileEncoding = 4; lastKnownFileType = sourcecode.c.h; path = base64.h; sourceTree = "<group>"; };
		96DD80001ABC86BF00646F7D /* NSData+SRB64Additions.h */ = {isa = PBXFileReference; fileEncoding = 4; lastKnownFileType = sourcecode.c.h; path = "NSData+SRB64Additions.h"; sourceTree = "<group>"; };
		96DD80011ABC86BF00646F7D /* NSData+SRB64Additions.m */ = {isa = PBXFileReference; fileEncoding = 4; lastKnownFileType = sourcecode.c.objc; path = "NSData+SRB64Additions.m"; sourceTree = "<group>"; };
		96DD80021ABC86BF00646F7D /* SocketRocket-Prefix.pch */ = {isa = PBXFileReference; fileEncoding = 4; lastKnownFileType = sourcecode.c.h; path = "SocketRocket-Prefix.pch"; sourceTree = "<group>"; };
		96DD80031ABC86BF00646F7D /* SRWebSocket.h */ = {isa = PBXFileReference; fileEncoding = 4; lastKnownFileType = sourcecode.c.h; path = SRWebSocket.h; sourceTree = "<group>"; };
		96DD80041ABC86BF00646F7D /* SRWebSocket.m */ = {isa = PBXFileReference; fileEncoding = 4; lastKnownFileType = sourcecode.c.objc; path = SRWebSocket.m; sourceTree = "<group>"; };
		96DD80171ABC8A3300646F7D /* libicucore.dylib */ = {isa = PBXFileReference; lastKnownFileType = "compiled.mach-o.dylib"; name = libicucore.dylib; path = usr/lib/libicucore.dylib; sourceTree = SDKROOT; };
		96DD80191ABC8A3F00646F7D /* Security.framework */ = {isa = PBXFileReference; lastKnownFileType = wrapper.framework; name = Security.framework; path = System/Library/Frameworks/Security.framework; sourceTree = SDKROOT; };
		96DD801B1ABC8A4A00646F7D /* SystemConfiguration.framework */ = {isa = PBXFileReference; lastKnownFileType = wrapper.framework; name = SystemConfiguration.framework; path = System/Library/Frameworks/SystemConfiguration.framework; sourceTree = SDKROOT; };
		96DD801D1ABC8A5400646F7D /* MobileCoreServices.framework */ = {isa = PBXFileReference; lastKnownFileType = wrapper.framework; name = MobileCoreServices.framework; path = System/Library/Frameworks/MobileCoreServices.framework; sourceTree = SDKROOT; };
		96DD801F1ABC8A5D00646F7D /* CFNetwork.framework */ = {isa = PBXFileReference; lastKnownFileType = wrapper.framework; name = CFNetwork.framework; path = System/Library/Frameworks/CFNetwork.framework; sourceTree = SDKROOT; };
		F80F5EB11AB2F8670002B2C6 /* AppDelegate.h */ = {isa = PBXFileReference; fileEncoding = 4; lastKnownFileType = sourcecode.c.h; name = AppDelegate.h; path = BebopDronePiloting/AppDelegate.h; sourceTree = SOURCE_ROOT; };
		F80F5EB21AB2F8670002B2C6 /* AppDelegate.m */ = {isa = PBXFileReference; fileEncoding = 4; lastKnownFileType = sourcecode.c.objc; name = AppDelegate.m; path = BebopDronePiloting/AppDelegate.m; sourceTree = SOURCE_ROOT; };
		F80F5EB41AB2F8670002B2C6 /* DeviceController.h */ = {isa = PBXFileReference; fileEncoding = 4; lastKnownFileType = sourcecode.c.h; name = DeviceController.h; path = BebopDronePiloting/DeviceController.h; sourceTree = SOURCE_ROOT; };
		F80F5EB51AB2F8670002B2C6 /* DeviceController.m */ = {isa = PBXFileReference; fileEncoding = 4; lastKnownFileType = sourcecode.c.objc; name = DeviceController.m; path = BebopDronePiloting/DeviceController.m; sourceTree = SOURCE_ROOT; };
		F80F5EB61AB2F8670002B2C6 /* Images.xcassets */ = {isa = PBXFileReference; lastKnownFileType = folder.assetcatalog; name = Images.xcassets; path = BebopDronePiloting/Images.xcassets; sourceTree = SOURCE_ROOT; };
		F80F5EB71AB2F8670002B2C6 /* Info.plist */ = {isa = PBXFileReference; fileEncoding = 4; lastKnownFileType = text.plist.xml; name = Info.plist; path = BebopDronePiloting/Info.plist; sourceTree = SOURCE_ROOT; };
		F80F5EB81AB2F8670002B2C6 /* LaunchScreen.xib */ = {isa = PBXFileReference; fileEncoding = 4; lastKnownFileType = file.xib; name = LaunchScreen.xib; path = BebopDronePiloting/LaunchScreen.xib; sourceTree = SOURCE_ROOT; };
		F80F5EB91AB2F8670002B2C6 /* main.m */ = {isa = PBXFileReference; fileEncoding = 4; lastKnownFileType = sourcecode.c.objc; name = main.m; path = BebopDronePiloting/main.m; sourceTree = SOURCE_ROOT; };
		F80F5EBA1AB2F8670002B2C6 /* Main.storyboard */ = {isa = PBXFileReference; fileEncoding = 4; lastKnownFileType = file.storyboard; name = Main.storyboard; path = BebopDronePiloting/Main.storyboard; sourceTree = SOURCE_ROOT; };
		F80F5EBB1AB2F8670002B2C6 /* PilotingViewController.h */ = {isa = PBXFileReference; fileEncoding = 4; lastKnownFileType = sourcecode.c.h; name = PilotingViewController.h; path = BebopDronePiloting/PilotingViewController.h; sourceTree = SOURCE_ROOT; };
		F80F5EBC1AB2F8670002B2C6 /* PilotingViewController.m */ = {isa = PBXFileReference; fileEncoding = 4; lastKnownFileType = sourcecode.c.objc; name = PilotingViewController.m; path = BebopDronePiloting/PilotingViewController.m; sourceTree = SOURCE_ROOT; };
		F80F5EBD1AB2F8670002B2C6 /* ViewController.h */ = {isa = PBXFileReference; fileEncoding = 4; lastKnownFileType = sourcecode.c.h; name = ViewController.h; path = BebopDronePiloting/ViewController.h; sourceTree = SOURCE_ROOT; };
		F80F5EBE1AB2F8670002B2C6 /* ViewController.m */ = {isa = PBXFileReference; fileEncoding = 4; lastKnownFileType = sourcecode.c.objc; name = ViewController.m; path = BebopDronePiloting/ViewController.m; sourceTree = SOURCE_ROOT; };
/* End PBXFileReference section */

/* Begin PBXFrameworksBuildPhase section */
		1D9DF2321A6D580F000941ED /* Frameworks */ = {
			isa = PBXFrameworksBuildPhase;
			buildActionMask = 2147483647;
			files = (
				96DD80201ABC8A5D00646F7D /* CFNetwork.framework in Frameworks */,
				96DD801E1ABC8A5400646F7D /* MobileCoreServices.framework in Frameworks */,
				96DD801C1ABC8A4A00646F7D /* SystemConfiguration.framework in Frameworks */,
				96DD801A1ABC8A3F00646F7D /* Security.framework in Frameworks */,
				96DD80181ABC8A3400646F7D /* libicucore.dylib in Frameworks */,
				96D61E931AB4E99A00BCB1FA /* libARStream.framework in Frameworks */,
				962B51E91AB3780700EFCBFE /* libARCommands.framework in Frameworks */,
				962B51EA1AB3780700EFCBFE /* libARDiscovery.framework in Frameworks */,
				962B51EB1AB3780700EFCBFE /* libARNetwork.framework in Frameworks */,
				962B51EC1AB3780700EFCBFE /* libARNetworkAL.framework in Frameworks */,
				962B51ED1AB3780700EFCBFE /* libARSAL.framework in Frameworks */,
				962B51EE1AB3780700EFCBFE /* libARUtils.framework in Frameworks */,
			);
			runOnlyForDeploymentPostprocessing = 0;
		};
/* End PBXFrameworksBuildPhase section */

/* Begin PBXGroup section */
		1D9DF22C1A6D580F000941ED = {
			isa = PBXGroup;
			children = (
				96DD7FDB1ABC86BF00646F7D /* socketio.objc */,
				F8C6053D1A9F06AC000D2804 /* BebopDronePiloting */,
				1D9DF26B1A6D62CB000941ED /* Frameworks */,
				1D9DF2361A6D580F000941ED /* Products */,
			);
			sourceTree = "<group>";
		};
		1D9DF2361A6D580F000941ED /* Products */ = {
			isa = PBXGroup;
			children = (
				1D9DF2351A6D580F000941ED /* BebopDronePiloting.app */,
			);
			name = Products;
			sourceTree = "<group>";
		};
		1D9DF26B1A6D62CB000941ED /* Frameworks */ = {
			isa = PBXGroup;
			children = (
				96DD801F1ABC8A5D00646F7D /* CFNetwork.framework */,
				96DD801D1ABC8A5400646F7D /* MobileCoreServices.framework */,
				96DD801B1ABC8A4A00646F7D /* SystemConfiguration.framework */,
				96DD80191ABC8A3F00646F7D /* Security.framework */,
				96DD80171ABC8A3300646F7D /* libicucore.dylib */,
				96D61E921AB4E99A00BCB1FA /* libARStream.framework */,
				962B51E31AB3780700EFCBFE /* libARCommands.framework */,
				962B51E41AB3780700EFCBFE /* libARDiscovery.framework */,
				962B51E51AB3780700EFCBFE /* libARNetwork.framework */,
				962B51E61AB3780700EFCBFE /* libARNetworkAL.framework */,
				962B51E71AB3780700EFCBFE /* libARSAL.framework */,
				962B51E81AB3780700EFCBFE /* libARUtils.framework */,
			);
			name = Frameworks;
			sourceTree = "<group>";
		};
		96DD7FDB1ABC86BF00646F7D /* socketio.objc */ = {
			isa = PBXGroup;
			children = (
				96DD7FDC1ABC86BF00646F7D /* JSON-Framework */,
				96DD7FF21ABC86BF00646F7D /* SocketIO.h */,
				96DD7FF31ABC86BF00646F7D /* SocketIO.m */,
				96DD7FF41ABC86BF00646F7D /* SocketIOJSONSerialization.h */,
				96DD7FF51ABC86BF00646F7D /* SocketIOJSONSerialization.m */,
				96DD7FF61ABC86BF00646F7D /* SocketIOPacket.h */,
				96DD7FF71ABC86BF00646F7D /* SocketIOPacket.m */,
				96DD7FF81ABC86BF00646F7D /* SocketIOTransport.h */,
				96DD7FF91ABC86BF00646F7D /* SocketIOTransportWebsocket.h */,
				96DD7FFA1ABC86BF00646F7D /* SocketIOTransportWebsocket.m */,
				96DD7FFB1ABC86BF00646F7D /* SocketIOTransportXHR.h */,
				96DD7FFC1ABC86BF00646F7D /* SocketIOTransportXHR.m */,
				96DD7FFD1ABC86BF00646F7D /* SocketRocket */,
			);
			path = socketio.objc;
			sourceTree = "<group>";
		};
		96DD7FDC1ABC86BF00646F7D /* JSON-Framework */ = {
			isa = PBXGroup;
			children = (
				96DD7FDD1ABC86BF00646F7D /* SBJson.h */,
				96DD7FDE1ABC86BF00646F7D /* SBJsonParser.h */,
				96DD7FDF1ABC86BF00646F7D /* SBJsonParser.m */,
				96DD7FE01ABC86BF00646F7D /* SBJsonStreamParser.h */,
				96DD7FE11ABC86BF00646F7D /* SBJsonStreamParser.m */,
				96DD7FE21ABC86BF00646F7D /* SBJsonStreamParserAccumulator.h */,
				96DD7FE31ABC86BF00646F7D /* SBJsonStreamParserAccumulator.m */,
				96DD7FE41ABC86BF00646F7D /* SBJsonStreamParserAdapter.h */,
				96DD7FE51ABC86BF00646F7D /* SBJsonStreamParserAdapter.m */,
				96DD7FE61ABC86BF00646F7D /* SBJsonStreamParserState.h */,
				96DD7FE71ABC86BF00646F7D /* SBJsonStreamParserState.m */,
				96DD7FE81ABC86BF00646F7D /* SBJsonStreamTokeniser.h */,
				96DD7FE91ABC86BF00646F7D /* SBJsonStreamTokeniser.m */,
				96DD7FEA1ABC86BF00646F7D /* SBJsonStreamWriter.h */,
				96DD7FEB1ABC86BF00646F7D /* SBJsonStreamWriter.m */,
				96DD7FEC1ABC86BF00646F7D /* SBJsonStreamWriterAccumulator.h */,
				96DD7FED1ABC86BF00646F7D /* SBJsonStreamWriterAccumulator.m */,
				96DD7FEE1ABC86BF00646F7D /* SBJsonStreamWriterState.h */,
				96DD7FEF1ABC86BF00646F7D /* SBJsonStreamWriterState.m */,
				96DD7FF01ABC86BF00646F7D /* SBJsonWriter.h */,
				96DD7FF11ABC86BF00646F7D /* SBJsonWriter.m */,
			);
			path = "JSON-Framework";
			sourceTree = "<group>";
		};
		96DD7FFD1ABC86BF00646F7D /* SocketRocket */ = {
			isa = PBXGroup;
			children = (
				96DD7FFE1ABC86BF00646F7D /* base64.c */,
				96DD7FFF1ABC86BF00646F7D /* base64.h */,
				96DD80001ABC86BF00646F7D /* NSData+SRB64Additions.h */,
				96DD80011ABC86BF00646F7D /* NSData+SRB64Additions.m */,
				96DD80021ABC86BF00646F7D /* SocketRocket-Prefix.pch */,
				96DD80031ABC86BF00646F7D /* SRWebSocket.h */,
				96DD80041ABC86BF00646F7D /* SRWebSocket.m */,
			);
			path = SocketRocket;
			sourceTree = "<group>";
		};
		F80F5EB31AB2F8670002B2C6 /* Base.lproj */ = {
			isa = PBXGroup;
			children = (
			);
			name = Base.lproj;
			path = BebopDronePiloting/Base.lproj;
			sourceTree = SOURCE_ROOT;
		};
		F8C6053D1A9F06AC000D2804 /* BebopDronePiloting */ = {
			isa = PBXGroup;
			children = (
				F80F5EB11AB2F8670002B2C6 /* AppDelegate.h */,
				F80F5EB21AB2F8670002B2C6 /* AppDelegate.m */,
				F80F5EB31AB2F8670002B2C6 /* Base.lproj */,
				F80F5EB41AB2F8670002B2C6 /* DeviceController.h */,
				F80F5EB51AB2F8670002B2C6 /* DeviceController.m */,
				F80F5EB61AB2F8670002B2C6 /* Images.xcassets */,
				F80F5EB71AB2F8670002B2C6 /* Info.plist */,
				F80F5EB81AB2F8670002B2C6 /* LaunchScreen.xib */,
				F80F5EB91AB2F8670002B2C6 /* main.m */,
				F80F5EBA1AB2F8670002B2C6 /* Main.storyboard */,
				F80F5EBB1AB2F8670002B2C6 /* PilotingViewController.h */,
				F80F5EBC1AB2F8670002B2C6 /* PilotingViewController.m */,
				F80F5EBD1AB2F8670002B2C6 /* ViewController.h */,
				F80F5EBE1AB2F8670002B2C6 /* ViewController.m */,
				9666B5E91ACE023B000B5A2C /* DroneVideoView.h */,
				9666B5EA1ACE023B000B5A2C /* DroneVideoView.m */,
			);
			name = BebopDronePiloting;
			path = BebopSample;
			sourceTree = "<group>";
		};
/* End PBXGroup section */

/* Begin PBXNativeTarget section */
		1D9DF2341A6D580F000941ED /* BebopDronePiloting */ = {
			isa = PBXNativeTarget;
			buildConfigurationList = 1D9DF2581A6D5810000941ED /* Build configuration list for PBXNativeTarget "BebopDronePiloting" */;
			buildPhases = (
				1D9DF2311A6D580F000941ED /* Sources */,
				1D9DF2321A6D580F000941ED /* Frameworks */,
				1D9DF2331A6D580F000941ED /* Resources */,
			);
			buildRules = (
			);
			dependencies = (
			);
			name = BebopDronePiloting;
			productName = RollingSpiderPiloting;
			productReference = 1D9DF2351A6D580F000941ED /* BebopDronePiloting.app */;
			productType = "com.apple.product-type.application";
		};
/* End PBXNativeTarget section */

/* Begin PBXProject section */
		1D9DF22D1A6D580F000941ED /* Project object */ = {
			isa = PBXProject;
			attributes = {
				LastUpgradeCheck = 0620;
				ORGANIZATIONNAME = Parrot;
				TargetAttributes = {
					1D9DF2341A6D580F000941ED = {
						CreatedOnToolsVersion = 6.1.1;
					};
				};
			};
			buildConfigurationList = 1D9DF2301A6D580F000941ED /* Build configuration list for PBXProject "BebopDronePiloting" */;
			compatibilityVersion = "Xcode 3.2";
			developmentRegion = English;
			hasScannedForEncodings = 0;
			knownRegions = (
				en,
				Base,
			);
			mainGroup = 1D9DF22C1A6D580F000941ED;
			productRefGroup = 1D9DF2361A6D580F000941ED /* Products */;
			projectDirPath = "";
			projectRoot = "";
			targets = (
				1D9DF2341A6D580F000941ED /* BebopDronePiloting */,
			);
		};
/* End PBXProject section */

/* Begin PBXResourcesBuildPhase section */
		1D9DF2331A6D580F000941ED /* Resources */ = {
			isa = PBXResourcesBuildPhase;
			buildActionMask = 2147483647;
			files = (
				F80F5EC21AB2F8670002B2C6 /* Info.plist in Resources */,
				F80F5EC31AB2F8670002B2C6 /* LaunchScreen.xib in Resources */,
				F80F5EC11AB2F8670002B2C6 /* Images.xcassets in Resources */,
				F80F5EC51AB2F8670002B2C6 /* Main.storyboard in Resources */,
			);
			runOnlyForDeploymentPostprocessing = 0;
		};
/* End PBXResourcesBuildPhase section */

/* Begin PBXSourcesBuildPhase section */
		1D9DF2311A6D580F000941ED /* Sources */ = {
			isa = PBXSourcesBuildPhase;
			buildActionMask = 2147483647;
			files = (
				F80F5EC61AB2F8670002B2C6 /* PilotingViewController.m in Sources */,
				96DD800E1ABC86BF00646F7D /* SBJsonWriter.m in Sources */,
				F80F5EBF1AB2F8670002B2C6 /* AppDelegate.m in Sources */,
				96DD80071ABC86BF00646F7D /* SBJsonStreamParserAccumulator.m in Sources */,
				96DD80091ABC86BF00646F7D /* SBJsonStreamParserState.m in Sources */,
				F80F5EC41AB2F8670002B2C6 /* main.m in Sources */,
				96DD800F1ABC86BF00646F7D /* SocketIO.m in Sources */,
				96DD80051ABC86BF00646F7D /* SBJsonParser.m in Sources */,
				96DD80151ABC86BF00646F7D /* NSData+SRB64Additions.m in Sources */,
				96DD80111ABC86BF00646F7D /* SocketIOPacket.m in Sources */,
				96DD80061ABC86BF00646F7D /* SBJsonStreamParser.m in Sources */,
				96DD800D1ABC86BF00646F7D /* SBJsonStreamWriterState.m in Sources */,
				96DD800B1ABC86BF00646F7D /* SBJsonStreamWriter.m in Sources */,
				96DD80121ABC86BF00646F7D /* SocketIOTransportWebsocket.m in Sources */,
				96DD800C1ABC86BF00646F7D /* SBJsonStreamWriterAccumulator.m in Sources */,
				96DD800A1ABC86BF00646F7D /* SBJsonStreamTokeniser.m in Sources */,
				F80F5EC01AB2F8670002B2C6 /* DeviceController.m in Sources */,
				96DD80141ABC86BF00646F7D /* base64.c in Sources */,
				F80F5EC71AB2F8670002B2C6 /* ViewController.m in Sources */,
				96DD80131ABC86BF00646F7D /* SocketIOTransportXHR.m in Sources */,
				96DD80161ABC86BF00646F7D /* SRWebSocket.m in Sources */,
				9666B5EB1ACE023B000B5A2C /* DroneVideoView.m in Sources */,
				96DD80081ABC86BF00646F7D /* SBJsonStreamParserAdapter.m in Sources */,
				96DD80101ABC86BF00646F7D /* SocketIOJSONSerialization.m in Sources */,
			);
			runOnlyForDeploymentPostprocessing = 0;
		};
/* End PBXSourcesBuildPhase section */

/* Begin XCBuildConfiguration section */
		1D9DF2561A6D5810000941ED /* Debug */ = {
			isa = XCBuildConfiguration;
			buildSettings = {
				ALWAYS_SEARCH_USER_PATHS = NO;
				CLANG_CXX_LANGUAGE_STANDARD = "gnu++0x";
				CLANG_CXX_LIBRARY = "libc++";
				CLANG_ENABLE_MODULES = YES;
				CLANG_ENABLE_OBJC_ARC = YES;
				CLANG_WARN_BOOL_CONVERSION = YES;
				CLANG_WARN_CONSTANT_CONVERSION = YES;
				CLANG_WARN_DIRECT_OBJC_ISA_USAGE = YES_ERROR;
				CLANG_WARN_EMPTY_BODY = YES;
				CLANG_WARN_ENUM_CONVERSION = YES;
				CLANG_WARN_INT_CONVERSION = YES;
				CLANG_WARN_OBJC_ROOT_CLASS = YES_ERROR;
				CLANG_WARN_UNREACHABLE_CODE = YES;
				CLANG_WARN__DUPLICATE_METHOD_MATCH = YES;
				"CODE_SIGN_IDENTITY[sdk=iphoneos*]" = "iPhone Developer";
				COPY_PHASE_STRIP = NO;
				ENABLE_STRICT_OBJC_MSGSEND = YES;
				GCC_C_LANGUAGE_STANDARD = gnu99;
				GCC_DYNAMIC_NO_PIC = NO;
				GCC_OPTIMIZATION_LEVEL = 0;
				GCC_PREPROCESSOR_DEFINITIONS = (
					"DEBUG=1",
					"$(inherited)",
				);
				GCC_SYMBOLS_PRIVATE_EXTERN = NO;
				GCC_WARN_64_TO_32_BIT_CONVERSION = YES;
				GCC_WARN_ABOUT_RETURN_TYPE = YES_ERROR;
				GCC_WARN_UNDECLARED_SELECTOR = YES;
				GCC_WARN_UNINITIALIZED_AUTOS = YES_AGGRESSIVE;
				GCC_WARN_UNUSED_FUNCTION = YES;
				GCC_WARN_UNUSED_VARIABLE = YES;
				IPHONEOS_DEPLOYMENT_TARGET = 8.1;
				MTL_ENABLE_DEBUG_INFO = YES;
				ONLY_ACTIVE_ARCH = YES;
				SDKROOT = iphoneos;
				TARGETED_DEVICE_FAMILY = "1,2";
			};
			name = Debug;
		};
		1D9DF2571A6D5810000941ED /* Release */ = {
			isa = XCBuildConfiguration;
			buildSettings = {
				ALWAYS_SEARCH_USER_PATHS = NO;
				CLANG_CXX_LANGUAGE_STANDARD = "gnu++0x";
				CLANG_CXX_LIBRARY = "libc++";
				CLANG_ENABLE_MODULES = YES;
				CLANG_ENABLE_OBJC_ARC = YES;
				CLANG_WARN_BOOL_CONVERSION = YES;
				CLANG_WARN_CONSTANT_CONVERSION = YES;
				CLANG_WARN_DIRECT_OBJC_ISA_USAGE = YES_ERROR;
				CLANG_WARN_EMPTY_BODY = YES;
				CLANG_WARN_ENUM_CONVERSION = YES;
				CLANG_WARN_INT_CONVERSION = YES;
				CLANG_WARN_OBJC_ROOT_CLASS = YES_ERROR;
				CLANG_WARN_UNREACHABLE_CODE = YES;
				CLANG_WARN__DUPLICATE_METHOD_MATCH = YES;
				"CODE_SIGN_IDENTITY[sdk=iphoneos*]" = "iPhone Developer";
				COPY_PHASE_STRIP = YES;
				ENABLE_NS_ASSERTIONS = NO;
				ENABLE_STRICT_OBJC_MSGSEND = YES;
				GCC_C_LANGUAGE_STANDARD = gnu99;
				GCC_WARN_64_TO_32_BIT_CONVERSION = YES;
				GCC_WARN_ABOUT_RETURN_TYPE = YES_ERROR;
				GCC_WARN_UNDECLARED_SELECTOR = YES;
				GCC_WARN_UNINITIALIZED_AUTOS = YES_AGGRESSIVE;
				GCC_WARN_UNUSED_FUNCTION = YES;
				GCC_WARN_UNUSED_VARIABLE = YES;
				IPHONEOS_DEPLOYMENT_TARGET = 8.1;
				MTL_ENABLE_DEBUG_INFO = NO;
				SDKROOT = iphoneos;
				TARGETED_DEVICE_FAMILY = "1,2";
				VALIDATE_PRODUCT = YES;
			};
			name = Release;
		};
		1D9DF2591A6D5810000941ED /* Debug */ = {
			isa = XCBuildConfiguration;
			buildSettings = {
				ASSETCATALOG_COMPILER_APPICON_NAME = AppIcon;
				FRAMEWORK_SEARCH_PATHS = (
					"$(inherited)",
					"$(SRCROOT)/../../../../ARSDKBuildUtils/Targets/iOS/Install/Frameworks",
					/Users/d.bertrand/Documents/SDK/ARSDKBuildUtils/Targets/iOS/Install/Frameworks,
					/Users/bdgjones/Projects/ARDroneSDK3/ARSDKBuildUtils/Targets/iOS/Install/Frameworks,
				);
				INFOPLIST_FILE = "$(SRCROOT)/BebopDronePiloting/Info.plist";
				LD_RUNPATH_SEARCH_PATHS = "$(inherited) @executable_path/Frameworks";
				ONLY_ACTIVE_ARCH = NO;
				PRODUCT_NAME = BebopDronePiloting;
				VALID_ARCHS = "armv7 armv7s";
			};
			name = Debug;
		};
		1D9DF25A1A6D5810000941ED /* Release */ = {
			isa = XCBuildConfiguration;
			buildSettings = {
				ASSETCATALOG_COMPILER_APPICON_NAME = AppIcon;
				FRAMEWORK_SEARCH_PATHS = (
					"$(inherited)",
					"$(SRCROOT)/../../../../ARSDKBuildUtils/Targets/iOS/Install/Frameworks",
					/Users/d.bertrand/Documents/SDK/ARSDKBuildUtils/Targets/iOS/Install/Frameworks,
					/Users/bdgjones/Projects/ARDroneSDK3/ARSDKBuildUtils/Targets/iOS/Install/Frameworks,
				);
				INFOPLIST_FILE = "$(SRCROOT)/BebopDronePiloting/Info.plist";
				LD_RUNPATH_SEARCH_PATHS = "$(inherited) @executable_path/Frameworks";
				PRODUCT_NAME = BebopDronePiloting;
				VALID_ARCHS = "armv7 armv7s";
			};
			name = Release;
		};
/* End XCBuildConfiguration section */

/* Begin XCConfigurationList section */
		1D9DF2301A6D580F000941ED /* Build configuration list for PBXProject "BebopDronePiloting" */ = {
			isa = XCConfigurationList;
			buildConfigurations = (
				1D9DF2561A6D5810000941ED /* Debug */,
				1D9DF2571A6D5810000941ED /* Release */,
			);
			defaultConfigurationIsVisible = 0;
			defaultConfigurationName = Release;
		};
		1D9DF2581A6D5810000941ED /* Build configuration list for PBXNativeTarget "BebopDronePiloting" */ = {
			isa = XCConfigurationList;
			buildConfigurations = (
				1D9DF2591A6D5810000941ED /* Debug */,
				1D9DF25A1A6D5810000941ED /* Release */,
			);
			defaultConfigurationIsVisible = 0;
			defaultConfigurationName = Release;
		};
/* End XCConfigurationList section */
	};
	rootObject = 1D9DF22D1A6D580F000941ED /* Project object */;
}
